// !$*UTF8*$!
{
	archiveVersion = 1;
	classes = {
	};
	objectVersion = 50;
	objects = {

/* Begin PBXBuildFile section */
		703C02C8224F513700F07F97 /* AppDelegate.swift in Sources */ = {isa = PBXBuildFile; fileRef = 703C02C7224F513700F07F97 /* AppDelegate.swift */; };
		703C02CA224F513700F07F97 /* ViewController.swift in Sources */ = {isa = PBXBuildFile; fileRef = 703C02C9224F513700F07F97 /* ViewController.swift */; };
		703C02CD224F513700F07F97 /* Main.storyboard in Resources */ = {isa = PBXBuildFile; fileRef = 703C02CB224F513700F07F97 /* Main.storyboard */; };
		703C02D0224F513700F07F97 /* CapHoltSoundBoard.xcdatamodeld in Sources */ = {isa = PBXBuildFile; fileRef = 703C02CE224F513700F07F97 /* CapHoltSoundBoard.xcdatamodeld */; };
		703C02D2224F513800F07F97 /* Assets.xcassets in Resources */ = {isa = PBXBuildFile; fileRef = 703C02D1224F513800F07F97 /* Assets.xcassets */; };
		703C02D5224F513800F07F97 /* LaunchScreen.storyboard in Resources */ = {isa = PBXBuildFile; fileRef = 703C02D3224F513800F07F97 /* LaunchScreen.storyboard */; };
		703C02E0224F513800F07F97 /* CapHoltSoundBoardTests.swift in Sources */ = {isa = PBXBuildFile; fileRef = 703C02DF224F513800F07F97 /* CapHoltSoundBoardTests.swift */; };
		703C02EB224F513800F07F97 /* CapHoltSoundBoardUITests.swift in Sources */ = {isa = PBXBuildFile; fileRef = 703C02EA224F513800F07F97 /* CapHoltSoundBoardUITests.swift */; };
		703C02F9224F587900F07F97 /* HoltTableViewCell.swift in Sources */ = {isa = PBXBuildFile; fileRef = 703C02F8224F587900F07F97 /* HoltTableViewCell.swift */; };
		703C0344224F750A00F07F97 /* Bold personality.m4a in Resources */ = {isa = PBXBuildFile; fileRef = 703C02FB224F750A00F07F97 /* Bold personality.m4a */; };
		703C0345224F750A00F07F97 /* Let's get that punk!.m4a in Resources */ = {isa = PBXBuildFile; fileRef = 703C02FC224F750A00F07F97 /* Let's get that punk!.m4a */; };
		703C0346224F750A00F07F97 /* Time to make daddy proud.m4a in Resources */ = {isa = PBXBuildFile; fileRef = 703C02FD224F750A00F07F97 /* Time to make daddy proud.m4a */; };
		703C0347224F750A00F07F97 /* I'm.m4a in Resources */ = {isa = PBXBuildFile; fileRef = 703C02FE224F750A00F07F97 /* I'm.m4a */; };
		703C0348224F750A00F07F97 /* What are you doing at Razzmataz.m4a in Resources */ = {isa = PBXBuildFile; fileRef = 703C02FF224F750A00F07F97 /* What are you doing at Razzmataz.m4a */; };
		703C0349224F750A00F07F97 /* Made no I birthed her.m4a in Resources */ = {isa = PBXBuildFile; fileRef = 703C0300224F750A00F07F97 /* Made no I birthed her.m4a */; };
		703C034A224F750A00F07F97 /* But if you're here.m4a in Resources */ = {isa = PBXBuildFile; fileRef = 703C0301224F750A00F07F97 /* But if you're here.m4a */; };
		703C034B224F750A00F07F97 /* Booone.m4a in Resources */ = {isa = PBXBuildFile; fileRef = 703C0302224F750A00F07F97 /* Booone.m4a */; };
		703C034C224F750A00F07F97 /* Everything is garbage.m4a in Resources */ = {isa = PBXBuildFile; fileRef = 703C0303224F750A00F07F97 /* Everything is garbage.m4a */; };
		703C034D224F750A00F07F97 /* Marco polo.m4a in Resources */ = {isa = PBXBuildFile; fileRef = 703C0304224F750A00F07F97 /* Marco polo.m4a */; };
		703C034E224F750A00F07F97 /* Yes.m4a in Resources */ = {isa = PBXBuildFile; fileRef = 703C0305224F750A00F07F97 /* Yes.m4a */; };
		703C034F224F750A00F07F97 /* Oh damn.m4a in Resources */ = {isa = PBXBuildFile; fileRef = 703C0306224F750A00F07F97 /* Oh damn.m4a */; };
		703C0350224F750A00F07F97 /* I'd like to play.m4a in Resources */ = {isa = PBXBuildFile; fileRef = 703C0307224F750A00F07F97 /* I'd like to play.m4a */; };
		703C0351224F750A00F07F97 /* Vindication.m4a in Resources */ = {isa = PBXBuildFile; fileRef = 703C0308224F750A00F07F97 /* Vindication.m4a */; };
		703C0352224F750A00F07F97 /* Now put on a smile.m4a in Resources */ = {isa = PBXBuildFile; fileRef = 703C0309224F750A00F07F97 /* Now put on a smile.m4a */; };
		703C0353224F750A00F07F97 /* BRB time.m4a in Resources */ = {isa = PBXBuildFile; fileRef = 703C030A224F750A00F07F97 /* BRB time.m4a */; };
		703C0354224F750A00F07F97 /* Funniest story.m4a in Resources */ = {isa = PBXBuildFile; fileRef = 703C030B224F750A00F07F97 /* Funniest story.m4a */; };
		703C0355224F750A00F07F97 /* Oppsie Doodle.m4a in Resources */ = {isa = PBXBuildFile; fileRef = 703C030C224F750A00F07F97 /* Oppsie Doodle.m4a */; };
		703C0356224F750A00F07F97 /* Is everything okay (brain).m4a in Resources */ = {isa = PBXBuildFile; fileRef = 703C030D224F750A00F07F97 /* Is everything okay (brain).m4a */; };
		703C0357224F750A00F07F97 /* How dare you.m4a in Resources */ = {isa = PBXBuildFile; fileRef = 703C030E224F750A00F07F97 /* How dare you.m4a */; };
		703C0358224F750A00F07F97 /* Boost my bottom.m4a in Resources */ = {isa = PBXBuildFile; fileRef = 703C030F224F750A00F07F97 /* Boost my bottom.m4a */; };
		703C0359224F750A00F07F97 /* Painnnn.m4a in Resources */ = {isa = PBXBuildFile; fileRef = 703C0310224F750A00F07F97 /* Painnnn.m4a */; };
		703C035A224F750A00F07F97 /* Bingpot.m4a in Resources */ = {isa = PBXBuildFile; fileRef = 703C0311224F750A00F07F97 /* Bingpot.m4a */; };
		703C035B224F750A00F07F97 /* Cwazy Cupcakes.m4a in Resources */ = {isa = PBXBuildFile; fileRef = 703C0312224F750A00F07F97 /* Cwazy Cupcakes.m4a */; };
		703C035C224F750A00F07F97 /* Here at the fun zone.m4a in Resources */ = {isa = PBXBuildFile; fileRef = 703C0313224F750A00F07F97 /* Here at the fun zone.m4a */; };
		703C035D224F750A00F07F97 /* I am your superior officer.m4a in Resources */ = {isa = PBXBuildFile; fileRef = 703C0314224F750A00F07F97 /* I am your superior officer.m4a */; };
		703C035E224F750A00F07F97 /* I just erased everything.m4a in Resources */ = {isa = PBXBuildFile; fileRef = 703C0315224F750A00F07F97 /* I just erased everything.m4a */; };
		703C035F224F750A00F07F97 /* I have zero interest.m4a in Resources */ = {isa = PBXBuildFile; fileRef = 703C0316224F750A00F07F97 /* I have zero interest.m4a */; };
		703C0360224F750A00F07F97 /* D-D-D-D-D-D-Derek.m4a in Resources */ = {isa = PBXBuildFile; fileRef = 703C0317224F750A00F07F97 /* D-D-D-D-D-D-Derek.m4a */; };
		703C0361224F750A00F07F97 /* You embarrass yourself.m4a in Resources */ = {isa = PBXBuildFile; fileRef = 703C0318224F750A00F07F97 /* You embarrass yourself.m4a */; };
		703C0362224F750A00F07F97 /* Marshedmallows.m4a in Resources */ = {isa = PBXBuildFile; fileRef = 703C0319224F750A00F07F97 /* Marshedmallows.m4a */; };
		703C0363224F750A00F07F97 /* This is Balthaazar.m4a in Resources */ = {isa = PBXBuildFile; fileRef = 703C031A224F750A00F07F97 /* This is Balthaazar.m4a */; };
		703C0364224F750A00F07F97 /* Cowabunga.m4a in Resources */ = {isa = PBXBuildFile; fileRef = 703C031B224F750A00F07F97 /* Cowabunga.m4a */; };
		703C0365224F750A00F07F97 /* You've used my logic against me.m4a in Resources */ = {isa = PBXBuildFile; fileRef = 703C031C224F750A00F07F97 /* You've used my logic against me.m4a */; };
		703C0366224F750A00F07F97 /* Unleash the beast.m4a in Resources */ = {isa = PBXBuildFile; fileRef = 703C031D224F750A00F07F97 /* Unleash the beast.m4a */; };
		703C0367224F750A00F07F97 /* I gained 3 pounds in Paris.m4a in Resources */ = {isa = PBXBuildFile; fileRef = 703C031E224F750A00F07F97 /* I gained 3 pounds in Paris.m4a */; };
		703C0368224F750A00F07F97 /* Get some.m4a in Resources */ = {isa = PBXBuildFile; fileRef = 703C031F224F750A00F07F97 /* Get some.m4a */; };
		703C0369224F750A00F07F97 /* Funky Cold Medina.m4a in Resources */ = {isa = PBXBuildFile; fileRef = 703C0320224F750A00F07F97 /* Funky Cold Medina.m4a */; };
		703C036A224F750A00F07F97 /* Dismissed.m4a in Resources */ = {isa = PBXBuildFile; fileRef = 703C0321224F750A00F07F97 /* Dismissed.m4a */; };
		703C036B224F750A00F07F97 /* Robot.m4a in Resources */ = {isa = PBXBuildFile; fileRef = 703C0322224F750A00F07F97 /* Robot.m4a */; };
		703C036C224F750A00F07F97 /* Velvet thunder.m4a in Resources */ = {isa = PBXBuildFile; fileRef = 703C0323224F750A00F07F97 /* Velvet thunder.m4a */; };
		703C036D224F750A00F07F97 /* You call that dancing.m4a in Resources */ = {isa = PBXBuildFile; fileRef = 703C0324224F750A00F07F97 /* You call that dancing.m4a */; };
		703C036E224F750A00F07F97 /* Hello Sexarella.m4a in Resources */ = {isa = PBXBuildFile; fileRef = 703C0325224F750A00F07F97 /* Hello Sexarella.m4a */; };
		703C036F224F750A00F07F97 /* I've heard you saying that 162 times.m4a in Resources */ = {isa = PBXBuildFile; fileRef = 703C0326224F750A00F07F97 /* I've heard you saying that 162 times.m4a */; };
		703C0370224F750A00F07F97 /* Cute little secret weapon.m4a in Resources */ = {isa = PBXBuildFile; fileRef = 703C0327224F750A00F07F97 /* Cute little secret weapon.m4a */; };
		703C0371224F750A00F07F97 /* Raymond Holt.m4a in Resources */ = {isa = PBXBuildFile; fileRef = 703C0328224F750A00F07F97 /* Raymond Holt.m4a */; };
		703C0372224F750A00F07F97 /* Situation diffused.m4a in Resources */ = {isa = PBXBuildFile; fileRef = 703C0329224F750A00F07F97 /* Situation diffused.m4a */; };
		703C0373224F750A00F07F97 /* Never love anything.m4a in Resources */ = {isa = PBXBuildFile; fileRef = 703C032A224F750A00F07F97 /* Never love anything.m4a */; };
		703C0374224F750A00F07F97 /* Very cool.m4a in Resources */ = {isa = PBXBuildFile; fileRef = 703C032B224F750A00F07F97 /* Very cool.m4a */; };
		703C0375224F750A00F07F97 /* Is everything OK.m4a in Resources */ = {isa = PBXBuildFile; fileRef = 703C032C224F750A00F07F97 /* Is everything OK.m4a */; };
		703C0376224F750A00F07F97 /* Forced laughing.m4a in Resources */ = {isa = PBXBuildFile; fileRef = 703C032D224F750A00F07F97 /* Forced laughing.m4a */; };
		703C0377224F750A00F07F97 /* I was hula hooping.m4a in Resources */ = {isa = PBXBuildFile; fileRef = 703C032E224F750A00F07F97 /* I was hula hooping.m4a */; };
		703C0378224F750A00F07F97 /* You're not cheddar.m4a in Resources */ = {isa = PBXBuildFile; fileRef = 703C032F224F750A00F07F97 /* You're not cheddar.m4a */; };
		703C0379224F750A00F07F97 /* Peralta you're a genius.m4a in Resources */ = {isa = PBXBuildFile; fileRef = 703C0330224F750A00F07F97 /* Peralta you're a genius.m4a */; };
		703C037A224F750A00F07F97 /* I've never been happier.m4a in Resources */ = {isa = PBXBuildFile; fileRef = 703C0331224F750A00F07F97 /* I've never been happier.m4a */; };
		703C037B224F750A00F07F97 /* Huh.m4a in Resources */ = {isa = PBXBuildFile; fileRef = 703C0332224F750A00F07F97 /* Huh.m4a */; };
		703C037C224F750A00F07F97 /* Get to work.m4a in Resources */ = {isa = PBXBuildFile; fileRef = 703C0333224F750A00F07F97 /* Get to work.m4a */; };
		703C037D224F750A00F07F97 /* Yas queen.m4a in Resources */ = {isa = PBXBuildFile; fileRef = 703C0334224F750A00F07F97 /* Yas queen.m4a */; };
		703C037E224F750A00F07F97 /* Wuntch time is over.m4a in Resources */ = {isa = PBXBuildFile; fileRef = 703C0335224F750A00F07F97 /* Wuntch time is over.m4a */; };
		703C037F224F750A00F07F97 /* Talking raisin.m4a in Resources */ = {isa = PBXBuildFile; fileRef = 703C0336224F750A00F07F97 /* Talking raisin.m4a */; };
		703C0380224F750A00F07F97 /* Right now.m4a in Resources */ = {isa = PBXBuildFile; fileRef = 703C0337224F750A00F07F97 /* Right now.m4a */; };
		703C0381224F750A00F07F97 /* Yabba dabba doo.m4a in Resources */ = {isa = PBXBuildFile; fileRef = 703C0338224F750A00F07F97 /* Yabba dabba doo.m4a */; };
		703C0382224F750A00F07F97 /* I'm diffusing a situation.m4a in Resources */ = {isa = PBXBuildFile; fileRef = 703C0339224F750A00F07F97 /* I'm diffusing a situation.m4a */; };
		703C0383224F750A00F07F97 /* Dirtbag.m4a in Resources */ = {isa = PBXBuildFile; fileRef = 703C033A224F750A00F07F97 /* Dirtbag.m4a */; };
		703C0384224F750A00F07F97 /* The full bullpen.m4a in Resources */ = {isa = PBXBuildFile; fileRef = 703C033B224F750A00F07F97 /* The full bullpen.m4a */; };
		703C0385224F750A00F07F97 /* Time for the next level.m4a in Resources */ = {isa = PBXBuildFile; fileRef = 703C033C224F750A00F07F97 /* Time for the next level.m4a */; };
		703C0386224F750A00F07F97 /* This is.m4a in Resources */ = {isa = PBXBuildFile; fileRef = 703C033D224F750A00F07F97 /* This is.m4a */; };
		703C0387224F750A00F07F97 /* HOT DAMN .m4a in Resources */ = {isa = PBXBuildFile; fileRef = 703C033E224F750A00F07F97 /* HOT DAMN .m4a */; };
		703C0388224F750A00F07F97 /* I'm a Curd-mudgeon.m4a in Resources */ = {isa = PBXBuildFile; fileRef = 703C033F224F750A00F07F97 /* I'm a Curd-mudgeon.m4a */; };
		703C0389224F750A00F07F97 /* Bone.m4a in Resources */ = {isa = PBXBuildFile; fileRef = 703C0340224F750A00F07F97 /* Bone.m4a */; };
		703C038A224F750A00F07F97 /* Stop playing this inane garbage.m4a in Resources */ = {isa = PBXBuildFile; fileRef = 703C0341224F750A00F07F97 /* Stop playing this inane garbage.m4a */; };
		703C038B224F750A00F07F97 /* Let's unleash hell.m4a in Resources */ = {isa = PBXBuildFile; fileRef = 703C0342224F750A00F07F97 /* Let's unleash hell.m4a */; };
		703C038C224F750A00F07F97 /* Because no one will ever believe you.m4a in Resources */ = {isa = PBXBuildFile; fileRef = 703C0343224F750A00F07F97 /* Because no one will ever believe you.m4a */; };
/* End PBXBuildFile section */

/* Begin PBXContainerItemProxy section */
		703C02DC224F513800F07F97 /* PBXContainerItemProxy */ = {
			isa = PBXContainerItemProxy;
			containerPortal = 703C02BC224F513700F07F97 /* Project object */;
			proxyType = 1;
			remoteGlobalIDString = 703C02C3224F513700F07F97;
			remoteInfo = CapHoltSoundBoard;
		};
		703C02E7224F513800F07F97 /* PBXContainerItemProxy */ = {
			isa = PBXContainerItemProxy;
			containerPortal = 703C02BC224F513700F07F97 /* Project object */;
			proxyType = 1;
			remoteGlobalIDString = 703C02C3224F513700F07F97;
			remoteInfo = CapHoltSoundBoard;
		};
/* End PBXContainerItemProxy section */

/* Begin PBXFileReference section */
		703C02C4224F513700F07F97 /* CapHoltSoundBoard.app */ = {isa = PBXFileReference; explicitFileType = wrapper.application; includeInIndex = 0; path = CapHoltSoundBoard.app; sourceTree = BUILT_PRODUCTS_DIR; };
		703C02C7224F513700F07F97 /* AppDelegate.swift */ = {isa = PBXFileReference; lastKnownFileType = sourcecode.swift; path = AppDelegate.swift; sourceTree = "<group>"; };
		703C02C9224F513700F07F97 /* ViewController.swift */ = {isa = PBXFileReference; lastKnownFileType = sourcecode.swift; path = ViewController.swift; sourceTree = "<group>"; };
		703C02CC224F513700F07F97 /* Base */ = {isa = PBXFileReference; lastKnownFileType = file.storyboard; name = Base; path = Base.lproj/Main.storyboard; sourceTree = "<group>"; };
		703C02CF224F513700F07F97 /* CapHoltSoundBoard.xcdatamodel */ = {isa = PBXFileReference; lastKnownFileType = wrapper.xcdatamodel; path = CapHoltSoundBoard.xcdatamodel; sourceTree = "<group>"; };
		703C02D1224F513800F07F97 /* Assets.xcassets */ = {isa = PBXFileReference; lastKnownFileType = folder.assetcatalog; path = Assets.xcassets; sourceTree = "<group>"; };
		703C02D4224F513800F07F97 /* Base */ = {isa = PBXFileReference; lastKnownFileType = file.storyboard; name = Base; path = Base.lproj/LaunchScreen.storyboard; sourceTree = "<group>"; };
		703C02D6224F513800F07F97 /* Info.plist */ = {isa = PBXFileReference; lastKnownFileType = text.plist.xml; path = Info.plist; sourceTree = "<group>"; };
		703C02DB224F513800F07F97 /* CapHoltSoundBoardTests.xctest */ = {isa = PBXFileReference; explicitFileType = wrapper.cfbundle; includeInIndex = 0; path = CapHoltSoundBoardTests.xctest; sourceTree = BUILT_PRODUCTS_DIR; };
		703C02DF224F513800F07F97 /* CapHoltSoundBoardTests.swift */ = {isa = PBXFileReference; lastKnownFileType = sourcecode.swift; path = CapHoltSoundBoardTests.swift; sourceTree = "<group>"; };
		703C02E1224F513800F07F97 /* Info.plist */ = {isa = PBXFileReference; lastKnownFileType = text.plist.xml; path = Info.plist; sourceTree = "<group>"; };
		703C02E6224F513800F07F97 /* CapHoltSoundBoardUITests.xctest */ = {isa = PBXFileReference; explicitFileType = wrapper.cfbundle; includeInIndex = 0; path = CapHoltSoundBoardUITests.xctest; sourceTree = BUILT_PRODUCTS_DIR; };
		703C02EA224F513800F07F97 /* CapHoltSoundBoardUITests.swift */ = {isa = PBXFileReference; lastKnownFileType = sourcecode.swift; path = CapHoltSoundBoardUITests.swift; sourceTree = "<group>"; };
		703C02EC224F513800F07F97 /* Info.plist */ = {isa = PBXFileReference; lastKnownFileType = text.plist.xml; path = Info.plist; sourceTree = "<group>"; };
		703C02F8224F587900F07F97 /* HoltTableViewCell.swift */ = {isa = PBXFileReference; lastKnownFileType = sourcecode.swift; path = HoltTableViewCell.swift; sourceTree = "<group>"; };
		703C02FB224F750A00F07F97 /* Bold personality.m4a */ = {isa = PBXFileReference; lastKnownFileType = file; path = "Bold personality.m4a"; sourceTree = "<group>"; };
		703C02FC224F750A00F07F97 /* Let's get that punk!.m4a */ = {isa = PBXFileReference; lastKnownFileType = file; path = "Let's get that punk!.m4a"; sourceTree = "<group>"; };
		703C02FD224F750A00F07F97 /* Time to make daddy proud.m4a */ = {isa = PBXFileReference; lastKnownFileType = file; path = "Time to make daddy proud.m4a"; sourceTree = "<group>"; };
		703C02FE224F750A00F07F97 /* I'm.m4a */ = {isa = PBXFileReference; lastKnownFileType = file; path = "I'm.m4a"; sourceTree = "<group>"; };
		703C02FF224F750A00F07F97 /* What are you doing at Razzmataz.m4a */ = {isa = PBXFileReference; lastKnownFileType = file; path = "What are you doing at Razzmataz.m4a"; sourceTree = "<group>"; };
		703C0300224F750A00F07F97 /* Made no I birthed her.m4a */ = {isa = PBXFileReference; lastKnownFileType = file; path = "Made no I birthed her.m4a"; sourceTree = "<group>"; };
		703C0301224F750A00F07F97 /* But if you're here.m4a */ = {isa = PBXFileReference; lastKnownFileType = file; path = "But if you're here.m4a"; sourceTree = "<group>"; };
		703C0302224F750A00F07F97 /* Booone.m4a */ = {isa = PBXFileReference; lastKnownFileType = file; path = Booone.m4a; sourceTree = "<group>"; };
		703C0303224F750A00F07F97 /* Everything is garbage.m4a */ = {isa = PBXFileReference; lastKnownFileType = file; path = "Everything is garbage.m4a"; sourceTree = "<group>"; };
		703C0304224F750A00F07F97 /* Marco polo.m4a */ = {isa = PBXFileReference; lastKnownFileType = file; path = "Marco polo.m4a"; sourceTree = "<group>"; };
		703C0305224F750A00F07F97 /* Yes.m4a */ = {isa = PBXFileReference; lastKnownFileType = file; path = Yes.m4a; sourceTree = "<group>"; };
		703C0306224F750A00F07F97 /* Oh damn.m4a */ = {isa = PBXFileReference; lastKnownFileType = file; path = "Oh damn.m4a"; sourceTree = "<group>"; };
		703C0307224F750A00F07F97 /* I'd like to play.m4a */ = {isa = PBXFileReference; lastKnownFileType = file; path = "I'd like to play.m4a"; sourceTree = "<group>"; };
		703C0308224F750A00F07F97 /* Vindication.m4a */ = {isa = PBXFileReference; lastKnownFileType = file; path = Vindication.m4a; sourceTree = "<group>"; };
		703C0309224F750A00F07F97 /* Now put on a smile.m4a */ = {isa = PBXFileReference; lastKnownFileType = file; path = "Now put on a smile.m4a"; sourceTree = "<group>"; };
		703C030A224F750A00F07F97 /* BRB time.m4a */ = {isa = PBXFileReference; lastKnownFileType = file; path = "BRB time.m4a"; sourceTree = "<group>"; };
		703C030B224F750A00F07F97 /* Funniest story.m4a */ = {isa = PBXFileReference; lastKnownFileType = file; path = "Funniest story.m4a"; sourceTree = "<group>"; };
		703C030C224F750A00F07F97 /* Oppsie Doodle.m4a */ = {isa = PBXFileReference; lastKnownFileType = file; path = "Oppsie Doodle.m4a"; sourceTree = "<group>"; };
		703C030D224F750A00F07F97 /* Is everything okay (brain).m4a */ = {isa = PBXFileReference; lastKnownFileType = file; path = "Is everything okay (brain).m4a"; sourceTree = "<group>"; };
		703C030E224F750A00F07F97 /* How dare you.m4a */ = {isa = PBXFileReference; lastKnownFileType = file; path = "How dare you.m4a"; sourceTree = "<group>"; };
		703C030F224F750A00F07F97 /* Boost my bottom.m4a */ = {isa = PBXFileReference; lastKnownFileType = file; path = "Boost my bottom.m4a"; sourceTree = "<group>"; };
		703C0310224F750A00F07F97 /* Painnnn.m4a */ = {isa = PBXFileReference; lastKnownFileType = file; path = Painnnn.m4a; sourceTree = "<group>"; };
		703C0311224F750A00F07F97 /* Bingpot.m4a */ = {isa = PBXFileReference; lastKnownFileType = file; path = Bingpot.m4a; sourceTree = "<group>"; };
		703C0312224F750A00F07F97 /* Cwazy Cupcakes.m4a */ = {isa = PBXFileReference; lastKnownFileType = file; path = "Cwazy Cupcakes.m4a"; sourceTree = "<group>"; };
		703C0313224F750A00F07F97 /* Here at the fun zone.m4a */ = {isa = PBXFileReference; lastKnownFileType = file; path = "Here at the fun zone.m4a"; sourceTree = "<group>"; };
		703C0314224F750A00F07F97 /* I am your superior officer.m4a */ = {isa = PBXFileReference; lastKnownFileType = file; path = "I am your superior officer.m4a"; sourceTree = "<group>"; };
		703C0315224F750A00F07F97 /* I just erased everything.m4a */ = {isa = PBXFileReference; lastKnownFileType = file; path = "I just erased everything.m4a"; sourceTree = "<group>"; };
		703C0316224F750A00F07F97 /* I have zero interest.m4a */ = {isa = PBXFileReference; lastKnownFileType = file; path = "I have zero interest.m4a"; sourceTree = "<group>"; };
		703C0317224F750A00F07F97 /* D-D-D-D-D-D-Derek.m4a */ = {isa = PBXFileReference; lastKnownFileType = file; path = "D-D-D-D-D-D-Derek.m4a"; sourceTree = "<group>"; };
		703C0318224F750A00F07F97 /* You embarrass yourself.m4a */ = {isa = PBXFileReference; lastKnownFileType = file; path = "You embarrass yourself.m4a"; sourceTree = "<group>"; };
		703C0319224F750A00F07F97 /* Marshedmallows.m4a */ = {isa = PBXFileReference; lastKnownFileType = file; path = Marshedmallows.m4a; sourceTree = "<group>"; };
		703C031A224F750A00F07F97 /* This is Balthaazar.m4a */ = {isa = PBXFileReference; lastKnownFileType = file; path = "This is Balthaazar.m4a"; sourceTree = "<group>"; };
		703C031B224F750A00F07F97 /* Cowabunga.m4a */ = {isa = PBXFileReference; lastKnownFileType = file; path = Cowabunga.m4a; sourceTree = "<group>"; };
		703C031C224F750A00F07F97 /* You've used my logic against me.m4a */ = {isa = PBXFileReference; lastKnownFileType = file; path = "You've used my logic against me.m4a"; sourceTree = "<group>"; };
		703C031D224F750A00F07F97 /* Unleash the beast.m4a */ = {isa = PBXFileReference; lastKnownFileType = file; path = "Unleash the beast.m4a"; sourceTree = "<group>"; };
		703C031E224F750A00F07F97 /* I gained 3 pounds in Paris.m4a */ = {isa = PBXFileReference; lastKnownFileType = file; path = "I gained 3 pounds in Paris.m4a"; sourceTree = "<group>"; };
		703C031F224F750A00F07F97 /* Get some.m4a */ = {isa = PBXFileReference; lastKnownFileType = file; path = "Get some.m4a"; sourceTree = "<group>"; };
		703C0320224F750A00F07F97 /* Funky Cold Medina.m4a */ = {isa = PBXFileReference; lastKnownFileType = file; path = "Funky Cold Medina.m4a"; sourceTree = "<group>"; };
		703C0321224F750A00F07F97 /* Dismissed.m4a */ = {isa = PBXFileReference; lastKnownFileType = file; path = Dismissed.m4a; sourceTree = "<group>"; };
		703C0322224F750A00F07F97 /* Robot.m4a */ = {isa = PBXFileReference; lastKnownFileType = file; path = Robot.m4a; sourceTree = "<group>"; };
		703C0323224F750A00F07F97 /* Velvet thunder.m4a */ = {isa = PBXFileReference; lastKnownFileType = file; path = "Velvet thunder.m4a"; sourceTree = "<group>"; };
		703C0324224F750A00F07F97 /* You call that dancing.m4a */ = {isa = PBXFileReference; lastKnownFileType = file; path = "You call that dancing.m4a"; sourceTree = "<group>"; };
		703C0325224F750A00F07F97 /* Hello Sexarella.m4a */ = {isa = PBXFileReference; lastKnownFileType = file; path = "Hello Sexarella.m4a"; sourceTree = "<group>"; };
		703C0326224F750A00F07F97 /* I've heard you saying that 162 times.m4a */ = {isa = PBXFileReference; lastKnownFileType = file; path = "I've heard you saying that 162 times.m4a"; sourceTree = "<group>"; };
		703C0327224F750A00F07F97 /* Cute little secret weapon.m4a */ = {isa = PBXFileReference; lastKnownFileType = file; path = "Cute little secret weapon.m4a"; sourceTree = "<group>"; };
		703C0328224F750A00F07F97 /* Raymond Holt.m4a */ = {isa = PBXFileReference; lastKnownFileType = file; path = "Raymond Holt.m4a"; sourceTree = "<group>"; };
		703C0329224F750A00F07F97 /* Situation diffused.m4a */ = {isa = PBXFileReference; lastKnownFileType = file; path = "Situation diffused.m4a"; sourceTree = "<group>"; };
		703C032A224F750A00F07F97 /* Never love anything.m4a */ = {isa = PBXFileReference; lastKnownFileType = file; path = "Never love anything.m4a"; sourceTree = "<group>"; };
		703C032B224F750A00F07F97 /* Very cool.m4a */ = {isa = PBXFileReference; lastKnownFileType = file; path = "Very cool.m4a"; sourceTree = "<group>"; };
		703C032C224F750A00F07F97 /* Is everything OK.m4a */ = {isa = PBXFileReference; lastKnownFileType = file; path = "Is everything OK.m4a"; sourceTree = "<group>"; };
		703C032D224F750A00F07F97 /* Forced laughing.m4a */ = {isa = PBXFileReference; lastKnownFileType = file; path = "Forced laughing.m4a"; sourceTree = "<group>"; };
		703C032E224F750A00F07F97 /* I was hula hooping.m4a */ = {isa = PBXFileReference; lastKnownFileType = file; path = "I was hula hooping.m4a"; sourceTree = "<group>"; };
		703C032F224F750A00F07F97 /* You're not cheddar.m4a */ = {isa = PBXFileReference; lastKnownFileType = file; path = "You're not cheddar.m4a"; sourceTree = "<group>"; };
		703C0330224F750A00F07F97 /* Peralta you're a genius.m4a */ = {isa = PBXFileReference; lastKnownFileType = file; path = "Peralta you're a genius.m4a"; sourceTree = "<group>"; };
		703C0331224F750A00F07F97 /* I've never been happier.m4a */ = {isa = PBXFileReference; lastKnownFileType = file; path = "I've never been happier.m4a"; sourceTree = "<group>"; };
		703C0332224F750A00F07F97 /* Huh.m4a */ = {isa = PBXFileReference; lastKnownFileType = file; path = Huh.m4a; sourceTree = "<group>"; };
		703C0333224F750A00F07F97 /* Get to work.m4a */ = {isa = PBXFileReference; lastKnownFileType = file; path = "Get to work.m4a"; sourceTree = "<group>"; };
		703C0334224F750A00F07F97 /* Yas queen.m4a */ = {isa = PBXFileReference; lastKnownFileType = file; path = "Yas queen.m4a"; sourceTree = "<group>"; };
		703C0335224F750A00F07F97 /* Wuntch time is over.m4a */ = {isa = PBXFileReference; lastKnownFileType = file; path = "Wuntch time is over.m4a"; sourceTree = "<group>"; };
		703C0336224F750A00F07F97 /* Talking raisin.m4a */ = {isa = PBXFileReference; lastKnownFileType = file; path = "Talking raisin.m4a"; sourceTree = "<group>"; };
		703C0337224F750A00F07F97 /* Right now.m4a */ = {isa = PBXFileReference; lastKnownFileType = file; path = "Right now.m4a"; sourceTree = "<group>"; };
		703C0338224F750A00F07F97 /* Yabba dabba doo.m4a */ = {isa = PBXFileReference; lastKnownFileType = file; path = "Yabba dabba doo.m4a"; sourceTree = "<group>"; };
		703C0339224F750A00F07F97 /* I'm diffusing a situation.m4a */ = {isa = PBXFileReference; lastKnownFileType = file; path = "I'm diffusing a situation.m4a"; sourceTree = "<group>"; };
		703C033A224F750A00F07F97 /* Dirtbag.m4a */ = {isa = PBXFileReference; lastKnownFileType = file; path = Dirtbag.m4a; sourceTree = "<group>"; };
		703C033B224F750A00F07F97 /* The full bullpen.m4a */ = {isa = PBXFileReference; lastKnownFileType = file; path = "The full bullpen.m4a"; sourceTree = "<group>"; };
		703C033C224F750A00F07F97 /* Time for the next level.m4a */ = {isa = PBXFileReference; lastKnownFileType = file; path = "Time for the next level.m4a"; sourceTree = "<group>"; };
		703C033D224F750A00F07F97 /* This is.m4a */ = {isa = PBXFileReference; lastKnownFileType = file; path = "This is.m4a"; sourceTree = "<group>"; };
		703C033E224F750A00F07F97 /* HOT DAMN .m4a */ = {isa = PBXFileReference; lastKnownFileType = file; path = "HOT DAMN .m4a"; sourceTree = "<group>"; };
		703C033F224F750A00F07F97 /* I'm a Curd-mudgeon.m4a */ = {isa = PBXFileReference; lastKnownFileType = file; path = "I'm a Curd-mudgeon.m4a"; sourceTree = "<group>"; };
		703C0340224F750A00F07F97 /* Bone.m4a */ = {isa = PBXFileReference; lastKnownFileType = file; path = Bone.m4a; sourceTree = "<group>"; };
		703C0341224F750A00F07F97 /* Stop playing this inane garbage.m4a */ = {isa = PBXFileReference; lastKnownFileType = file; path = "Stop playing this inane garbage.m4a"; sourceTree = "<group>"; };
		703C0342224F750A00F07F97 /* Let's unleash hell.m4a */ = {isa = PBXFileReference; lastKnownFileType = file; path = "Let's unleash hell.m4a"; sourceTree = "<group>"; };
		703C0343224F750A00F07F97 /* Because no one will ever believe you.m4a */ = {isa = PBXFileReference; lastKnownFileType = file; path = "Because no one will ever believe you.m4a"; sourceTree = "<group>"; };
/* End PBXFileReference section */

/* Begin PBXFrameworksBuildPhase section */
		703C02C1224F513700F07F97 /* Frameworks */ = {
			isa = PBXFrameworksBuildPhase;
			buildActionMask = 2147483647;
			files = (
			);
			runOnlyForDeploymentPostprocessing = 0;
		};
		703C02D8224F513800F07F97 /* Frameworks */ = {
			isa = PBXFrameworksBuildPhase;
			buildActionMask = 2147483647;
			files = (
			);
			runOnlyForDeploymentPostprocessing = 0;
		};
		703C02E3224F513800F07F97 /* Frameworks */ = {
			isa = PBXFrameworksBuildPhase;
			buildActionMask = 2147483647;
			files = (
			);
			runOnlyForDeploymentPostprocessing = 0;
		};
/* End PBXFrameworksBuildPhase section */

/* Begin PBXGroup section */
		703C02BB224F513700F07F97 = {
			isa = PBXGroup;
			children = (
				703C02C6224F513700F07F97 /* CapHoltSoundBoard */,
				703C02DE224F513800F07F97 /* CapHoltSoundBoardTests */,
				703C02E9224F513800F07F97 /* CapHoltSoundBoardUITests */,
				703C02C5224F513700F07F97 /* Products */,
			);
			sourceTree = "<group>";
		};
		703C02C5224F513700F07F97 /* Products */ = {
			isa = PBXGroup;
			children = (
				703C02C4224F513700F07F97 /* CapHoltSoundBoard.app */,
				703C02DB224F513800F07F97 /* CapHoltSoundBoardTests.xctest */,
				703C02E6224F513800F07F97 /* CapHoltSoundBoardUITests.xctest */,
			);
			name = Products;
			sourceTree = "<group>";
		};
		703C02C6224F513700F07F97 /* CapHoltSoundBoard */ = {
			isa = PBXGroup;
			children = (
				703C02C7224F513700F07F97 /* AppDelegate.swift */,
				703C02C9224F513700F07F97 /* ViewController.swift */,
				703C02FA224F750900F07F97 /* CaptainHoltSounds */,
				703C02CB224F513700F07F97 /* Main.storyboard */,
				703C02F8224F587900F07F97 /* HoltTableViewCell.swift */,
				703C02D1224F513800F07F97 /* Assets.xcassets */,
				703C02D3224F513800F07F97 /* LaunchScreen.storyboard */,
				703C02D6224F513800F07F97 /* Info.plist */,
				703C02CE224F513700F07F97 /* CapHoltSoundBoard.xcdatamodeld */,
			);
			path = CapHoltSoundBoard;
			sourceTree = "<group>";
		};
		703C02DE224F513800F07F97 /* CapHoltSoundBoardTests */ = {
			isa = PBXGroup;
			children = (
				703C02DF224F513800F07F97 /* CapHoltSoundBoardTests.swift */,
				703C02E1224F513800F07F97 /* Info.plist */,
			);
			path = CapHoltSoundBoardTests;
			sourceTree = "<group>";
		};
		703C02E9224F513800F07F97 /* CapHoltSoundBoardUITests */ = {
			isa = PBXGroup;
			children = (
				703C02EA224F513800F07F97 /* CapHoltSoundBoardUITests.swift */,
				703C02EC224F513800F07F97 /* Info.plist */,
			);
			path = CapHoltSoundBoardUITests;
			sourceTree = "<group>";
		};
		703C02FA224F750900F07F97 /* CaptainHoltSounds */ = {
			isa = PBXGroup;
			children = (
				703C02FB224F750A00F07F97 /* Bold personality.m4a */,
				703C02FC224F750A00F07F97 /* Let's get that punk!.m4a */,
				703C02FD224F750A00F07F97 /* Time to make daddy proud.m4a */,
				703C02FE224F750A00F07F97 /* I'm.m4a */,
				703C02FF224F750A00F07F97 /* What are you doing at Razzmataz.m4a */,
				703C0300224F750A00F07F97 /* Made no I birthed her.m4a */,
				703C0301224F750A00F07F97 /* But if you're here.m4a */,
				703C0302224F750A00F07F97 /* Booone.m4a */,
				703C0303224F750A00F07F97 /* Everything is garbage.m4a */,
				703C0304224F750A00F07F97 /* Marco polo.m4a */,
				703C0305224F750A00F07F97 /* Yes.m4a */,
				703C0306224F750A00F07F97 /* Oh damn.m4a */,
				703C0307224F750A00F07F97 /* I'd like to play.m4a */,
				703C0308224F750A00F07F97 /* Vindication.m4a */,
				703C0309224F750A00F07F97 /* Now put on a smile.m4a */,
				703C030A224F750A00F07F97 /* BRB time.m4a */,
				703C030B224F750A00F07F97 /* Funniest story.m4a */,
				703C030C224F750A00F07F97 /* Oppsie Doodle.m4a */,
				703C030D224F750A00F07F97 /* Is everything okay (brain).m4a */,
				703C030E224F750A00F07F97 /* How dare you.m4a */,
				703C030F224F750A00F07F97 /* Boost my bottom.m4a */,
				703C0310224F750A00F07F97 /* Painnnn.m4a */,
				703C0311224F750A00F07F97 /* Bingpot.m4a */,
				703C0312224F750A00F07F97 /* Cwazy Cupcakes.m4a */,
				703C0313224F750A00F07F97 /* Here at the fun zone.m4a */,
				703C0314224F750A00F07F97 /* I am your superior officer.m4a */,
				703C0315224F750A00F07F97 /* I just erased everything.m4a */,
				703C0316224F750A00F07F97 /* I have zero interest.m4a */,
				703C0317224F750A00F07F97 /* D-D-D-D-D-D-Derek.m4a */,
				703C0318224F750A00F07F97 /* You embarrass yourself.m4a */,
				703C0319224F750A00F07F97 /* Marshedmallows.m4a */,
				703C031A224F750A00F07F97 /* This is Balthaazar.m4a */,
				703C031B224F750A00F07F97 /* Cowabunga.m4a */,
				703C031C224F750A00F07F97 /* You've used my logic against me.m4a */,
				703C031D224F750A00F07F97 /* Unleash the beast.m4a */,
				703C031E224F750A00F07F97 /* I gained 3 pounds in Paris.m4a */,
				703C031F224F750A00F07F97 /* Get some.m4a */,
				703C0320224F750A00F07F97 /* Funky Cold Medina.m4a */,
				703C0321224F750A00F07F97 /* Dismissed.m4a */,
				703C0322224F750A00F07F97 /* Robot.m4a */,
				703C0323224F750A00F07F97 /* Velvet thunder.m4a */,
				703C0324224F750A00F07F97 /* You call that dancing.m4a */,
				703C0325224F750A00F07F97 /* Hello Sexarella.m4a */,
				703C0326224F750A00F07F97 /* I've heard you saying that 162 times.m4a */,
				703C0327224F750A00F07F97 /* Cute little secret weapon.m4a */,
				703C0328224F750A00F07F97 /* Raymond Holt.m4a */,
				703C0329224F750A00F07F97 /* Situation diffused.m4a */,
				703C032A224F750A00F07F97 /* Never love anything.m4a */,
				703C032B224F750A00F07F97 /* Very cool.m4a */,
				703C032C224F750A00F07F97 /* Is everything OK.m4a */,
				703C032D224F750A00F07F97 /* Forced laughing.m4a */,
				703C032E224F750A00F07F97 /* I was hula hooping.m4a */,
				703C032F224F750A00F07F97 /* You're not cheddar.m4a */,
				703C0330224F750A00F07F97 /* Peralta you're a genius.m4a */,
				703C0331224F750A00F07F97 /* I've never been happier.m4a */,
				703C0332224F750A00F07F97 /* Huh.m4a */,
				703C0333224F750A00F07F97 /* Get to work.m4a */,
				703C0334224F750A00F07F97 /* Yas queen.m4a */,
				703C0335224F750A00F07F97 /* Wuntch time is over.m4a */,
				703C0336224F750A00F07F97 /* Talking raisin.m4a */,
				703C0337224F750A00F07F97 /* Right now.m4a */,
				703C0338224F750A00F07F97 /* Yabba dabba doo.m4a */,
				703C0339224F750A00F07F97 /* I'm diffusing a situation.m4a */,
				703C033A224F750A00F07F97 /* Dirtbag.m4a */,
				703C033B224F750A00F07F97 /* The full bullpen.m4a */,
				703C033C224F750A00F07F97 /* Time for the next level.m4a */,
				703C033D224F750A00F07F97 /* This is.m4a */,
				703C033E224F750A00F07F97 /* HOT DAMN .m4a */,
				703C033F224F750A00F07F97 /* I'm a Curd-mudgeon.m4a */,
				703C0340224F750A00F07F97 /* Bone.m4a */,
				703C0341224F750A00F07F97 /* Stop playing this inane garbage.m4a */,
				703C0342224F750A00F07F97 /* Let's unleash hell.m4a */,
				703C0343224F750A00F07F97 /* Because no one will ever believe you.m4a */,
			);
			path = CaptainHoltSounds;
			sourceTree = "<group>";
		};
/* End PBXGroup section */

/* Begin PBXNativeTarget section */
		703C02C3224F513700F07F97 /* CapHoltSoundBoard */ = {
			isa = PBXNativeTarget;
			buildConfigurationList = 703C02EF224F513800F07F97 /* Build configuration list for PBXNativeTarget "CapHoltSoundBoard" */;
			buildPhases = (
				703C02C0224F513700F07F97 /* Sources */,
				703C02C1224F513700F07F97 /* Frameworks */,
				703C02C2224F513700F07F97 /* Resources */,
			);
			buildRules = (
			);
			dependencies = (
			);
			name = CapHoltSoundBoard;
			productName = CapHoltSoundBoard;
			productReference = 703C02C4224F513700F07F97 /* CapHoltSoundBoard.app */;
			productType = "com.apple.product-type.application";
		};
		703C02DA224F513800F07F97 /* CapHoltSoundBoardTests */ = {
			isa = PBXNativeTarget;
			buildConfigurationList = 703C02F2224F513800F07F97 /* Build configuration list for PBXNativeTarget "CapHoltSoundBoardTests" */;
			buildPhases = (
				703C02D7224F513800F07F97 /* Sources */,
				703C02D8224F513800F07F97 /* Frameworks */,
				703C02D9224F513800F07F97 /* Resources */,
			);
			buildRules = (
			);
			dependencies = (
				703C02DD224F513800F07F97 /* PBXTargetDependency */,
			);
			name = CapHoltSoundBoardTests;
			productName = CapHoltSoundBoardTests;
			productReference = 703C02DB224F513800F07F97 /* CapHoltSoundBoardTests.xctest */;
			productType = "com.apple.product-type.bundle.unit-test";
		};
		703C02E5224F513800F07F97 /* CapHoltSoundBoardUITests */ = {
			isa = PBXNativeTarget;
			buildConfigurationList = 703C02F5224F513800F07F97 /* Build configuration list for PBXNativeTarget "CapHoltSoundBoardUITests" */;
			buildPhases = (
				703C02E2224F513800F07F97 /* Sources */,
				703C02E3224F513800F07F97 /* Frameworks */,
				703C02E4224F513800F07F97 /* Resources */,
			);
			buildRules = (
			);
			dependencies = (
				703C02E8224F513800F07F97 /* PBXTargetDependency */,
			);
			name = CapHoltSoundBoardUITests;
			productName = CapHoltSoundBoardUITests;
			productReference = 703C02E6224F513800F07F97 /* CapHoltSoundBoardUITests.xctest */;
			productType = "com.apple.product-type.bundle.ui-testing";
		};
/* End PBXNativeTarget section */

/* Begin PBXProject section */
		703C02BC224F513700F07F97 /* Project object */ = {
			isa = PBXProject;
			attributes = {
				LastSwiftUpdateCheck = 1010;
				LastUpgradeCheck = 1010;
				ORGANIZATIONNAME = amog787;
				TargetAttributes = {
					703C02C3224F513700F07F97 = {
						CreatedOnToolsVersion = 10.1;
					};
					703C02DA224F513800F07F97 = {
						CreatedOnToolsVersion = 10.1;
						TestTargetID = 703C02C3224F513700F07F97;
					};
					703C02E5224F513800F07F97 = {
						CreatedOnToolsVersion = 10.1;
						TestTargetID = 703C02C3224F513700F07F97;
					};
				};
			};
			buildConfigurationList = 703C02BF224F513700F07F97 /* Build configuration list for PBXProject "CapHoltSoundBoard" */;
			compatibilityVersion = "Xcode 9.3";
			developmentRegion = en;
			hasScannedForEncodings = 0;
			knownRegions = (
				en,
				Base,
			);
			mainGroup = 703C02BB224F513700F07F97;
			productRefGroup = 703C02C5224F513700F07F97 /* Products */;
			projectDirPath = "";
			projectRoot = "";
			targets = (
				703C02C3224F513700F07F97 /* CapHoltSoundBoard */,
				703C02DA224F513800F07F97 /* CapHoltSoundBoardTests */,
				703C02E5224F513800F07F97 /* CapHoltSoundBoardUITests */,
			);
		};
/* End PBXProject section */

/* Begin PBXResourcesBuildPhase section */
		703C02C2224F513700F07F97 /* Resources */ = {
			isa = PBXResourcesBuildPhase;
			buildActionMask = 2147483647;
			files = (
				703C036E224F750A00F07F97 /* Hello Sexarella.m4a in Resources */,
				703C034F224F750A00F07F97 /* Oh damn.m4a in Resources */,
				703C0367224F750A00F07F97 /* I gained 3 pounds in Paris.m4a in Resources */,
				703C037B224F750A00F07F97 /* Huh.m4a in Resources */,
				703C0376224F750A00F07F97 /* Forced laughing.m4a in Resources */,
				703C034B224F750A00F07F97 /* Booone.m4a in Resources */,
				703C0388224F750A00F07F97 /* I'm a Curd-mudgeon.m4a in Resources */,
				703C0382224F750A00F07F97 /* I'm diffusing a situation.m4a in Resources */,
				703C0356224F750A00F07F97 /* Is everything okay (brain).m4a in Resources */,
				703C0371224F750A00F07F97 /* Raymond Holt.m4a in Resources */,
				703C035C224F750A00F07F97 /* Here at the fun zone.m4a in Resources */,
				703C035B224F750A00F07F97 /* Cwazy Cupcakes.m4a in Resources */,
				703C0347224F750A00F07F97 /* I'm.m4a in Resources */,
				703C0354224F750A00F07F97 /* Funniest story.m4a in Resources */,
				703C038C224F750A00F07F97 /* Because no one will ever believe you.m4a in Resources */,
				703C0353224F750A00F07F97 /* BRB time.m4a in Resources */,
				703C0385224F750A00F07F97 /* Time for the next level.m4a in Resources */,
				703C0364224F750A00F07F97 /* Cowabunga.m4a in Resources */,
				703C0366224F750A00F07F97 /* Unleash the beast.m4a in Resources */,
				703C034A224F750A00F07F97 /* But if you're here.m4a in Resources */,
				703C034C224F750A00F07F97 /* Everything is garbage.m4a in Resources */,
				703C035E224F750A00F07F97 /* I just erased everything.m4a in Resources */,
				703C0351224F750A00F07F97 /* Vindication.m4a in Resources */,
				703C0346224F750A00F07F97 /* Time to make daddy proud.m4a in Resources */,
				703C0375224F750A00F07F97 /* Is everything OK.m4a in Resources */,
				703C0368224F750A00F07F97 /* Get some.m4a in Resources */,
				703C0383224F750A00F07F97 /* Dirtbag.m4a in Resources */,
				703C0369224F750A00F07F97 /* Funky Cold Medina.m4a in Resources */,
				703C0350224F750A00F07F97 /* I'd like to play.m4a in Resources */,
				703C0361224F750A00F07F97 /* You embarrass yourself.m4a in Resources */,
				703C0377224F750A00F07F97 /* I was hula hooping.m4a in Resources */,
				703C02D5224F513800F07F97 /* LaunchScreen.storyboard in Resources */,
				703C0349224F750A00F07F97 /* Made no I birthed her.m4a in Resources */,
				703C034D224F750A00F07F97 /* Marco polo.m4a in Resources */,
				703C0387224F750A00F07F97 /* HOT DAMN .m4a in Resources */,
				703C0379224F750A00F07F97 /* Peralta you're a genius.m4a in Resources */,
				703C0386224F750A00F07F97 /* This is.m4a in Resources */,
				703C035A224F750A00F07F97 /* Bingpot.m4a in Resources */,
				703C036D224F750A00F07F97 /* You call that dancing.m4a in Resources */,
				703C0359224F750A00F07F97 /* Painnnn.m4a in Resources */,
				703C037C224F750A00F07F97 /* Get to work.m4a in Resources */,
				703C0355224F750A00F07F97 /* Oppsie Doodle.m4a in Resources */,
				703C0370224F750A00F07F97 /* Cute little secret weapon.m4a in Resources */,
				703C035F224F750A00F07F97 /* I have zero interest.m4a in Resources */,
				703C037E224F750A00F07F97 /* Wuntch time is over.m4a in Resources */,
				703C035D224F750A00F07F97 /* I am your superior officer.m4a in Resources */,
				703C0372224F750A00F07F97 /* Situation diffused.m4a in Resources */,
				703C0360224F750A00F07F97 /* D-D-D-D-D-D-Derek.m4a in Resources */,
				703C037F224F750A00F07F97 /* Talking raisin.m4a in Resources */,
				703C0378224F750A00F07F97 /* You're not cheddar.m4a in Resources */,
				703C0345224F750A00F07F97 /* Let's get that punk!.m4a in Resources */,
				703C0384224F750A00F07F97 /* The full bullpen.m4a in Resources */,
				703C02D2224F513800F07F97 /* Assets.xcassets in Resources */,
				703C036B224F750A00F07F97 /* Robot.m4a in Resources */,
				703C038A224F750A00F07F97 /* Stop playing this inane garbage.m4a in Resources */,
				703C02CD224F513700F07F97 /* Main.storyboard in Resources */,
				703C038B224F750A00F07F97 /* Let's unleash hell.m4a in Resources */,
				703C0380224F750A00F07F97 /* Right now.m4a in Resources */,
				703C0365224F750A00F07F97 /* You've used my logic against me.m4a in Resources */,
				703C036C224F750A00F07F97 /* Velvet thunder.m4a in Resources */,
				703C0389224F750A00F07F97 /* Bone.m4a in Resources */,
				703C037A224F750A00F07F97 /* I've never been happier.m4a in Resources */,
				703C0374224F750A00F07F97 /* Very cool.m4a in Resources */,
				703C0363224F750A00F07F97 /* This is Balthaazar.m4a in Resources */,
				703C0348224F750A00F07F97 /* What are you doing at Razzmataz.m4a in Resources */,
				703C034E224F750A00F07F97 /* Yes.m4a in Resources */,
				703C036A224F750A00F07F97 /* Dismissed.m4a in Resources */,
				703C0344224F750A00F07F97 /* Bold personality.m4a in Resources */,
				703C037D224F750A00F07F97 /* Yas queen.m4a in Resources */,
				703C0358224F750A00F07F97 /* Boost my bottom.m4a in Resources */,
				703C0362224F750A00F07F97 /* Marshedmallows.m4a in Resources */,
				703C0352224F750A00F07F97 /* Now put on a smile.m4a in Resources */,
				703C0373224F750A00F07F97 /* Never love anything.m4a in Resources */,
				703C0381224F750A00F07F97 /* Yabba dabba doo.m4a in Resources */,
				703C0357224F750A00F07F97 /* How dare you.m4a in Resources */,
				703C036F224F750A00F07F97 /* I've heard you saying that 162 times.m4a in Resources */,
			);
			runOnlyForDeploymentPostprocessing = 0;
		};
		703C02D9224F513800F07F97 /* Resources */ = {
			isa = PBXResourcesBuildPhase;
			buildActionMask = 2147483647;
			files = (
			);
			runOnlyForDeploymentPostprocessing = 0;
		};
		703C02E4224F513800F07F97 /* Resources */ = {
			isa = PBXResourcesBuildPhase;
			buildActionMask = 2147483647;
			files = (
			);
			runOnlyForDeploymentPostprocessing = 0;
		};
/* End PBXResourcesBuildPhase section */

/* Begin PBXSourcesBuildPhase section */
		703C02C0224F513700F07F97 /* Sources */ = {
			isa = PBXSourcesBuildPhase;
			buildActionMask = 2147483647;
			files = (
				703C02F9224F587900F07F97 /* HoltTableViewCell.swift in Sources */,
				703C02D0224F513700F07F97 /* CapHoltSoundBoard.xcdatamodeld in Sources */,
				703C02CA224F513700F07F97 /* ViewController.swift in Sources */,
				703C02C8224F513700F07F97 /* AppDelegate.swift in Sources */,
			);
			runOnlyForDeploymentPostprocessing = 0;
		};
		703C02D7224F513800F07F97 /* Sources */ = {
			isa = PBXSourcesBuildPhase;
			buildActionMask = 2147483647;
			files = (
				703C02E0224F513800F07F97 /* CapHoltSoundBoardTests.swift in Sources */,
			);
			runOnlyForDeploymentPostprocessing = 0;
		};
		703C02E2224F513800F07F97 /* Sources */ = {
			isa = PBXSourcesBuildPhase;
			buildActionMask = 2147483647;
			files = (
				703C02EB224F513800F07F97 /* CapHoltSoundBoardUITests.swift in Sources */,
			);
			runOnlyForDeploymentPostprocessing = 0;
		};
/* End PBXSourcesBuildPhase section */

/* Begin PBXTargetDependency section */
		703C02DD224F513800F07F97 /* PBXTargetDependency */ = {
			isa = PBXTargetDependency;
			target = 703C02C3224F513700F07F97 /* CapHoltSoundBoard */;
			targetProxy = 703C02DC224F513800F07F97 /* PBXContainerItemProxy */;
		};
		703C02E8224F513800F07F97 /* PBXTargetDependency */ = {
			isa = PBXTargetDependency;
			target = 703C02C3224F513700F07F97 /* CapHoltSoundBoard */;
			targetProxy = 703C02E7224F513800F07F97 /* PBXContainerItemProxy */;
		};
/* End PBXTargetDependency section */

/* Begin PBXVariantGroup section */
		703C02CB224F513700F07F97 /* Main.storyboard */ = {
			isa = PBXVariantGroup;
			children = (
				703C02CC224F513700F07F97 /* Base */,
			);
			name = Main.storyboard;
			sourceTree = "<group>";
		};
		703C02D3224F513800F07F97 /* LaunchScreen.storyboard */ = {
			isa = PBXVariantGroup;
			children = (
				703C02D4224F513800F07F97 /* Base */,
			);
			name = LaunchScreen.storyboard;
			sourceTree = "<group>";
		};
/* End PBXVariantGroup section */

/* Begin XCBuildConfiguration section */
		703C02ED224F513800F07F97 /* Debug */ = {
			isa = XCBuildConfiguration;
			buildSettings = {
				ALWAYS_SEARCH_USER_PATHS = NO;
				CLANG_ANALYZER_NONNULL = YES;
				CLANG_ANALYZER_NUMBER_OBJECT_CONVERSION = YES_AGGRESSIVE;
				CLANG_CXX_LANGUAGE_STANDARD = "gnu++14";
				CLANG_CXX_LIBRARY = "libc++";
				CLANG_ENABLE_MODULES = YES;
				CLANG_ENABLE_OBJC_ARC = YES;
				CLANG_ENABLE_OBJC_WEAK = YES;
				CLANG_WARN_BLOCK_CAPTURE_AUTORELEASING = YES;
				CLANG_WARN_BOOL_CONVERSION = YES;
				CLANG_WARN_COMMA = YES;
				CLANG_WARN_CONSTANT_CONVERSION = YES;
				CLANG_WARN_DEPRECATED_OBJC_IMPLEMENTATIONS = YES;
				CLANG_WARN_DIRECT_OBJC_ISA_USAGE = YES_ERROR;
				CLANG_WARN_DOCUMENTATION_COMMENTS = YES;
				CLANG_WARN_EMPTY_BODY = YES;
				CLANG_WARN_ENUM_CONVERSION = YES;
				CLANG_WARN_INFINITE_RECURSION = YES;
				CLANG_WARN_INT_CONVERSION = YES;
				CLANG_WARN_NON_LITERAL_NULL_CONVERSION = YES;
				CLANG_WARN_OBJC_IMPLICIT_RETAIN_SELF = YES;
				CLANG_WARN_OBJC_LITERAL_CONVERSION = YES;
				CLANG_WARN_OBJC_ROOT_CLASS = YES_ERROR;
				CLANG_WARN_RANGE_LOOP_ANALYSIS = YES;
				CLANG_WARN_STRICT_PROTOTYPES = YES;
				CLANG_WARN_SUSPICIOUS_MOVE = YES;
				CLANG_WARN_UNGUARDED_AVAILABILITY = YES_AGGRESSIVE;
				CLANG_WARN_UNREACHABLE_CODE = YES;
				CLANG_WARN__DUPLICATE_METHOD_MATCH = YES;
				CODE_SIGN_IDENTITY = "iPhone Developer";
				COPY_PHASE_STRIP = NO;
				DEBUG_INFORMATION_FORMAT = dwarf;
				ENABLE_STRICT_OBJC_MSGSEND = YES;
				ENABLE_TESTABILITY = YES;
				GCC_C_LANGUAGE_STANDARD = gnu11;
				GCC_DYNAMIC_NO_PIC = NO;
				GCC_NO_COMMON_BLOCKS = YES;
				GCC_OPTIMIZATION_LEVEL = 0;
				GCC_PREPROCESSOR_DEFINITIONS = (
					"DEBUG=1",
					"$(inherited)",
				);
				GCC_WARN_64_TO_32_BIT_CONVERSION = YES;
				GCC_WARN_ABOUT_RETURN_TYPE = YES_ERROR;
				GCC_WARN_UNDECLARED_SELECTOR = YES;
				GCC_WARN_UNINITIALIZED_AUTOS = YES_AGGRESSIVE;
				GCC_WARN_UNUSED_FUNCTION = YES;
				GCC_WARN_UNUSED_VARIABLE = YES;
				IPHONEOS_DEPLOYMENT_TARGET = 12.1;
				MTL_ENABLE_DEBUG_INFO = INCLUDE_SOURCE;
				MTL_FAST_MATH = YES;
				ONLY_ACTIVE_ARCH = YES;
				SDKROOT = iphoneos;
				SWIFT_ACTIVE_COMPILATION_CONDITIONS = DEBUG;
				SWIFT_OPTIMIZATION_LEVEL = "-Onone";
			};
			name = Debug;
		};
		703C02EE224F513800F07F97 /* Release */ = {
			isa = XCBuildConfiguration;
			buildSettings = {
				ALWAYS_SEARCH_USER_PATHS = NO;
				CLANG_ANALYZER_NONNULL = YES;
				CLANG_ANALYZER_NUMBER_OBJECT_CONVERSION = YES_AGGRESSIVE;
				CLANG_CXX_LANGUAGE_STANDARD = "gnu++14";
				CLANG_CXX_LIBRARY = "libc++";
				CLANG_ENABLE_MODULES = YES;
				CLANG_ENABLE_OBJC_ARC = YES;
				CLANG_ENABLE_OBJC_WEAK = YES;
				CLANG_WARN_BLOCK_CAPTURE_AUTORELEASING = YES;
				CLANG_WARN_BOOL_CONVERSION = YES;
				CLANG_WARN_COMMA = YES;
				CLANG_WARN_CONSTANT_CONVERSION = YES;
				CLANG_WARN_DEPRECATED_OBJC_IMPLEMENTATIONS = YES;
				CLANG_WARN_DIRECT_OBJC_ISA_USAGE = YES_ERROR;
				CLANG_WARN_DOCUMENTATION_COMMENTS = YES;
				CLANG_WARN_EMPTY_BODY = YES;
				CLANG_WARN_ENUM_CONVERSION = YES;
				CLANG_WARN_INFINITE_RECURSION = YES;
				CLANG_WARN_INT_CONVERSION = YES;
				CLANG_WARN_NON_LITERAL_NULL_CONVERSION = YES;
				CLANG_WARN_OBJC_IMPLICIT_RETAIN_SELF = YES;
				CLANG_WARN_OBJC_LITERAL_CONVERSION = YES;
				CLANG_WARN_OBJC_ROOT_CLASS = YES_ERROR;
				CLANG_WARN_RANGE_LOOP_ANALYSIS = YES;
				CLANG_WARN_STRICT_PROTOTYPES = YES;
				CLANG_WARN_SUSPICIOUS_MOVE = YES;
				CLANG_WARN_UNGUARDED_AVAILABILITY = YES_AGGRESSIVE;
				CLANG_WARN_UNREACHABLE_CODE = YES;
				CLANG_WARN__DUPLICATE_METHOD_MATCH = YES;
				CODE_SIGN_IDENTITY = "iPhone Developer";
				COPY_PHASE_STRIP = NO;
				DEBUG_INFORMATION_FORMAT = "dwarf-with-dsym";
				ENABLE_NS_ASSERTIONS = NO;
				ENABLE_STRICT_OBJC_MSGSEND = YES;
				GCC_C_LANGUAGE_STANDARD = gnu11;
				GCC_NO_COMMON_BLOCKS = YES;
				GCC_WARN_64_TO_32_BIT_CONVERSION = YES;
				GCC_WARN_ABOUT_RETURN_TYPE = YES_ERROR;
				GCC_WARN_UNDECLARED_SELECTOR = YES;
				GCC_WARN_UNINITIALIZED_AUTOS = YES_AGGRESSIVE;
				GCC_WARN_UNUSED_FUNCTION = YES;
				GCC_WARN_UNUSED_VARIABLE = YES;
				IPHONEOS_DEPLOYMENT_TARGET = 12.1;
				MTL_ENABLE_DEBUG_INFO = NO;
				MTL_FAST_MATH = YES;
				SDKROOT = iphoneos;
				SWIFT_COMPILATION_MODE = wholemodule;
				SWIFT_OPTIMIZATION_LEVEL = "-O";
				VALIDATE_PRODUCT = YES;
			};
			name = Release;
		};
		703C02F0224F513800F07F97 /* Debug */ = {
			isa = XCBuildConfiguration;
			buildSettings = {
				ASSETCATALOG_COMPILER_APPICON_NAME = AppIcon;
				CODE_SIGN_STYLE = Automatic;
				INFOPLIST_FILE = CapHoltSoundBoard/Info.plist;
				LD_RUNPATH_SEARCH_PATHS = (
					"$(inherited)",
					"@executable_path/Frameworks",
				);
				PRODUCT_BUNDLE_IDENTIFIER = amog787.CapHoltSoundBoard;
				PRODUCT_NAME = "$(TARGET_NAME)";
				SWIFT_VERSION = 4.2;
				TARGETED_DEVICE_FAMILY = "1,2";
			};
			name = Debug;
		};
		703C02F1224F513800F07F97 /* Release */ = {
			isa = XCBuildConfiguration;
			buildSettings = {
				ASSETCATALOG_COMPILER_APPICON_NAME = AppIcon;
				CODE_SIGN_STYLE = Automatic;
				INFOPLIST_FILE = CapHoltSoundBoard/Info.plist;
				LD_RUNPATH_SEARCH_PATHS = (
					"$(inherited)",
					"@executable_path/Frameworks",
				);
				PRODUCT_BUNDLE_IDENTIFIER = amog787.CapHoltSoundBoard;
				PRODUCT_NAME = "$(TARGET_NAME)";
				SWIFT_VERSION = 4.2;
				TARGETED_DEVICE_FAMILY = "1,2";
			};
			name = Release;
		};
		703C02F3224F513800F07F97 /* Debug */ = {
			isa = XCBuildConfiguration;
			buildSettings = {
				ALWAYS_EMBED_SWIFT_STANDARD_LIBRARIES = YES;
				BUNDLE_LOADER = "$(TEST_HOST)";
				CODE_SIGN_STYLE = Automatic;
				INFOPLIST_FILE = CapHoltSoundBoardTests/Info.plist;
				LD_RUNPATH_SEARCH_PATHS = (
					"$(inherited)",
					"@executable_path/Frameworks",
					"@loader_path/Frameworks",
				);
				PRODUCT_BUNDLE_IDENTIFIER = amog787.CapHoltSoundBoardTests;
				PRODUCT_NAME = "$(TARGET_NAME)";
				SWIFT_VERSION = 4.2;
				TARGETED_DEVICE_FAMILY = "1,2";
				TEST_HOST = "$(BUILT_PRODUCTS_DIR)/CapHoltSoundBoard.app/CapHoltSoundBoard";
			};
			name = Debug;
		};
		703C02F4224F513800F07F97 /* Release */ = {
			isa = XCBuildConfiguration;
			buildSettings = {
				ALWAYS_EMBED_SWIFT_STANDARD_LIBRARIES = YES;
				BUNDLE_LOADER = "$(TEST_HOST)";
				CODE_SIGN_STYLE = Automatic;
				INFOPLIST_FILE = CapHoltSoundBoardTests/Info.plist;
				LD_RUNPATH_SEARCH_PATHS = (
					"$(inherited)",
					"@executable_path/Frameworks",
					"@loader_path/Frameworks",
				);
				PRODUCT_BUNDLE_IDENTIFIER = amog787.CapHoltSoundBoardTests;
				PRODUCT_NAME = "$(TARGET_NAME)";
				SWIFT_VERSION = 4.2;
				TARGETED_DEVICE_FAMILY = "1,2";
				TEST_HOST = "$(BUILT_PRODUCTS_DIR)/CapHoltSoundBoard.app/CapHoltSoundBoard";
			};
			name = Release;
		};
		703C02F6224F513800F07F97 /* Debug */ = {
			isa = XCBuildConfiguration;
			buildSettings = {
				ALWAYS_EMBED_SWIFT_STANDARD_LIBRARIES = YES;
				CODE_SIGN_STYLE = Automatic;
				INFOPLIST_FILE = CapHoltSoundBoardUITests/Info.plist;
				LD_RUNPATH_SEARCH_PATHS = (
					"$(inherited)",
					"@executable_path/Frameworks",
					"@loader_path/Frameworks",
				);
				PRODUCT_BUNDLE_IDENTIFIER = amog787.CapHoltSoundBoardUITests;
				PRODUCT_NAME = "$(TARGET_NAME)";
				SWIFT_VERSION = 4.2;
				TARGETED_DEVICE_FAMILY = "1,2";
				TEST_TARGET_NAME = CapHoltSoundBoard;
			};
			name = Debug;
		};
		703C02F7224F513800F07F97 /* Release */ = {
			isa = XCBuildConfiguration;
			buildSettings = {
				ALWAYS_EMBED_SWIFT_STANDARD_LIBRARIES = YES;
				CODE_SIGN_STYLE = Automatic;
				INFOPLIST_FILE = CapHoltSoundBoardUITests/Info.plist;
				LD_RUNPATH_SEARCH_PATHS = (
					"$(inherited)",
					"@executable_path/Frameworks",
					"@loader_path/Frameworks",
				);
				PRODUCT_BUNDLE_IDENTIFIER = amog787.CapHoltSoundBoardUITests;
				PRODUCT_NAME = "$(TARGET_NAME)";
				SWIFT_VERSION = 4.2;
				TARGETED_DEVICE_FAMILY = "1,2";
				TEST_TARGET_NAME = CapHoltSoundBoard;
			};
			name = Release;
		};
/* End XCBuildConfiguration section */

/* Begin XCConfigurationList section */
		703C02BF224F513700F07F97 /* Build configuration list for PBXProject "CapHoltSoundBoard" */ = {
			isa = XCConfigurationList;
			buildConfigurations = (
				703C02ED224F513800F07F97 /* Debug */,
				703C02EE224F513800F07F97 /* Release */,
			);
			defaultConfigurationIsVisible = 0;
			defaultConfigurationName = Release;
		};
		703C02EF224F513800F07F97 /* Build configuration list for PBXNativeTarget "CapHoltSoundBoard" */ = {
			isa = XCConfigurationList;
			buildConfigurations = (
				703C02F0224F513800F07F97 /* Debug */,
				703C02F1224F513800F07F97 /* Release */,
			);
			defaultConfigurationIsVisible = 0;
			defaultConfigurationName = Release;
		};
		703C02F2224F513800F07F97 /* Build configuration list for PBXNativeTarget "CapHoltSoundBoardTests" */ = {
			isa = XCConfigurationList;
			buildConfigurations = (
				703C02F3224F513800F07F97 /* Debug */,
				703C02F4224F513800F07F97 /* Release */,
			);
			defaultConfigurationIsVisible = 0;
			defaultConfigurationName = Release;
		};
		703C02F5224F513800F07F97 /* Build configuration list for PBXNativeTarget "CapHoltSoundBoardUITests" */ = {
			isa = XCConfigurationList;
			buildConfigurations = (
				703C02F6224F513800F07F97 /* Debug */,
				703C02F7224F513800F07F97 /* Release */,
			);
			defaultConfigurationIsVisible = 0;
			defaultConfigurationName = Release;
		};
/* End XCConfigurationList section */

/* Begin XCVersionGroup section */
		703C02CE224F513700F07F97 /* CapHoltSoundBoard.xcdatamodeld */ = {
			isa = XCVersionGroup;
			children = (
				703C02CF224F513700F07F97 /* CapHoltSoundBoard.xcdatamodel */,
			);
			currentVersion = 703C02CF224F513700F07F97 /* CapHoltSoundBoard.xcdatamodel */;
			path = CapHoltSoundBoard.xcdatamodeld;
			sourceTree = "<group>";
			versionGroupType = wrapper.xcdatamodel;
		};
/* End XCVersionGroup section */
	};
	rootObject = 703C02BC224F513700F07F97 /* Project object */;
}
