// !$*UTF8*$!
{
	archiveVersion = 1;
	classes = {
	};
	objectVersion = 50;
	objects = {

/* Begin PBXBuildFile section */
		703C02C8224F513700F07F97 /* AppDelegate.swift in Sources */ = {isa = PBXBuildFile; fileRef = 703C02C7224F513700F07F97 /* AppDelegate.swift */; };
		703C02CA224F513700F07F97 /* ViewController.swift in Sources */ = {isa = PBXBuildFile; fileRef = 703C02C9224F513700F07F97 /* ViewController.swift */; };
		703C02CD224F513700F07F97 /* Main.storyboard in Resources */ = {isa = PBXBuildFile; fileRef = 703C02CB224F513700F07F97 /* Main.storyboard */; };
		703C02D0224F513700F07F97 /* CapHoltSoundBoard.xcdatamodeld in Sources */ = {isa = PBXBuildFile; fileRef = 703C02CE224F513700F07F97 /* CapHoltSoundBoard.xcdatamodeld */; };
		703C02D2224F513800F07F97 /* Assets.xcassets in Resources */ = {isa = PBXBuildFile; fileRef = 703C02D1224F513800F07F97 /* Assets.xcassets */; };
		703C02D5224F513800F07F97 /* LaunchScreen.storyboard in Resources */ = {isa = PBXBuildFile; fileRef = 703C02D3224F513800F07F97 /* LaunchScreen.storyboard */; };
		703C02E0224F513800F07F97 /* CapHoltSoundBoardTests.swift in Sources */ = {isa = PBXBuildFile; fileRef = 703C02DF224F513800F07F97 /* CapHoltSoundBoardTests.swift */; };
		703C02EB224F513800F07F97 /* CapHoltSoundBoardUITests.swift in Sources */ = {isa = PBXBuildFile; fileRef = 703C02EA224F513800F07F97 /* CapHoltSoundBoardUITests.swift */; };
/* End PBXBuildFile section */

/* Begin PBXContainerItemProxy section */
		703C02DC224F513800F07F97 /* PBXContainerItemProxy */ = {
			isa = PBXContainerItemProxy;
			containerPortal = 703C02BC224F513700F07F97 /* Project object */;
			proxyType = 1;
			remoteGlobalIDString = 703C02C3224F513700F07F97;
			remoteInfo = CapHoltSoundBoard;
		};
		703C02E7224F513800F07F97 /* PBXContainerItemProxy */ = {
			isa = PBXContainerItemProxy;
			containerPortal = 703C02BC224F513700F07F97 /* Project object */;
			proxyType = 1;
			remoteGlobalIDString = 703C02C3224F513700F07F97;
			remoteInfo = CapHoltSoundBoard;
		};
/* End PBXContainerItemProxy section */

/* Begin PBXFileReference section */
		703C02C4224F513700F07F97 /* CapHoltSoundBoard.app */ = {isa = PBXFileReference; explicitFileType = wrapper.application; includeInIndex = 0; path = CapHoltSoundBoard.app; sourceTree = BUILT_PRODUCTS_DIR; };
		703C02C7224F513700F07F97 /* AppDelegate.swift */ = {isa = PBXFileReference; lastKnownFileType = sourcecode.swift; path = AppDelegate.swift; sourceTree = "<group>"; };
		703C02C9224F513700F07F97 /* ViewController.swift */ = {isa = PBXFileReference; lastKnownFileType = sourcecode.swift; path = ViewController.swift; sourceTree = "<group>"; };
		703C02CC224F513700F07F97 /* Base */ = {isa = PBXFileReference; lastKnownFileType = file.storyboard; name = Base; path = Base.lproj/Main.storyboard; sourceTree = "<group>"; };
		703C02CF224F513700F07F97 /* CapHoltSoundBoard.xcdatamodel */ = {isa = PBXFileReference; lastKnownFileType = wrapper.xcdatamodel; path = CapHoltSoundBoard.xcdatamodel; sourceTree = "<group>"; };
		703C02D1224F513800F07F97 /* Assets.xcassets */ = {isa = PBXFileReference; lastKnownFileType = folder.assetcatalog; path = Assets.xcassets; sourceTree = "<group>"; };
		703C02D4224F513800F07F97 /* Base */ = {isa = PBXFileReference; lastKnownFileType = file.storyboard; name = Base; path = Base.lproj/LaunchScreen.storyboard; sourceTree = "<group>"; };
		703C02D6224F513800F07F97 /* Info.plist */ = {isa = PBXFileReference; lastKnownFileType = text.plist.xml; path = Info.plist; sourceTree = "<group>"; };
		703C02DB224F513800F07F97 /* CapHoltSoundBoardTests.xctest */ = {isa = PBXFileReference; explicitFileType = wrapper.cfbundle; includeInIndex = 0; path = CapHoltSoundBoardTests.xctest; sourceTree = BUILT_PRODUCTS_DIR; };
		703C02DF224F513800F07F97 /* CapHoltSoundBoardTests.swift */ = {isa = PBXFileReference; lastKnownFileType = sourcecode.swift; path = CapHoltSoundBoardTests.swift; sourceTree = "<group>"; };
		703C02E1224F513800F07F97 /* Info.plist */ = {isa = PBXFileReference; lastKnownFileType = text.plist.xml; path = Info.plist; sourceTree = "<group>"; };
		703C02E6224F513800F07F97 /* CapHoltSoundBoardUITests.xctest */ = {isa = PBXFileReference; explicitFileType = wrapper.cfbundle; includeInIndex = 0; path = CapHoltSoundBoardUITests.xctest; sourceTree = BUILT_PRODUCTS_DIR; };
		703C02EA224F513800F07F97 /* CapHoltSoundBoardUITests.swift */ = {isa = PBXFileReference; lastKnownFileType = sourcecode.swift; path = CapHoltSoundBoardUITests.swift; sourceTree = "<group>"; };
		703C02EC224F513800F07F97 /* Info.plist */ = {isa = PBXFileReference; lastKnownFileType = text.plist.xml; path = Info.plist; sourceTree = "<group>"; };
/* End PBXFileReference section */

/* Begin PBXFrameworksBuildPhase section */
		703C02C1224F513700F07F97 /* Frameworks */ = {
			isa = PBXFrameworksBuildPhase;
			buildActionMask = 2147483647;
			files = (
			);
			runOnlyForDeploymentPostprocessing = 0;
		};
		703C02D8224F513800F07F97 /* Frameworks */ = {
			isa = PBXFrameworksBuildPhase;
			buildActionMask = 2147483647;
			files = (
			);
			runOnlyForDeploymentPostprocessing = 0;
		};
		703C02E3224F513800F07F97 /* Frameworks */ = {
			isa = PBXFrameworksBuildPhase;
			buildActionMask = 2147483647;
			files = (
			);
			runOnlyForDeploymentPostprocessing = 0;
		};
/* End PBXFrameworksBuildPhase section */

/* Begin PBXGroup section */
		703C02BB224F513700F07F97 = {
			isa = PBXGroup;
			children = (
				703C02C6224F513700F07F97 /* CapHoltSoundBoard */,
				703C02DE224F513800F07F97 /* CapHoltSoundBoardTests */,
				703C02E9224F513800F07F97 /* CapHoltSoundBoardUITests */,
				703C02C5224F513700F07F97 /* Products */,
			);
			sourceTree = "<group>";
		};
		703C02C5224F513700F07F97 /* Products */ = {
			isa = PBXGroup;
			children = (
				703C02C4224F513700F07F97 /* CapHoltSoundBoard.app */,
				703C02DB224F513800F07F97 /* CapHoltSoundBoardTests.xctest */,
				703C02E6224F513800F07F97 /* CapHoltSoundBoardUITests.xctest */,
			);
			name = Products;
			sourceTree = "<group>";
		};
		703C02C6224F513700F07F97 /* CapHoltSoundBoard */ = {
			isa = PBXGroup;
			children = (
				703C02C7224F513700F07F97 /* AppDelegate.swift */,
				703C02C9224F513700F07F97 /* ViewController.swift */,
				703C02CB224F513700F07F97 /* Main.storyboard */,
				703C02D1224F513800F07F97 /* Assets.xcassets */,
				703C02D3224F513800F07F97 /* LaunchScreen.storyboard */,
				703C02D6224F513800F07F97 /* Info.plist */,
				703C02CE224F513700F07F97 /* CapHoltSoundBoard.xcdatamodeld */,
			);
			path = CapHoltSoundBoard;
			sourceTree = "<group>";
		};
		703C02DE224F513800F07F97 /* CapHoltSoundBoardTests */ = {
			isa = PBXGroup;
			children = (
				703C02DF224F513800F07F97 /* CapHoltSoundBoardTests.swift */,
				703C02E1224F513800F07F97 /* Info.plist */,
			);
			path = CapHoltSoundBoardTests;
			sourceTree = "<group>";
		};
		703C02E9224F513800F07F97 /* CapHoltSoundBoardUITests */ = {
			isa = PBXGroup;
			children = (
				703C02EA224F513800F07F97 /* CapHoltSoundBoardUITests.swift */,
				703C02EC224F513800F07F97 /* Info.plist */,
			);
			path = CapHoltSoundBoardUITests;
			sourceTree = "<group>";
		};
/* End PBXGroup section */

/* Begin PBXNativeTarget section */
		703C02C3224F513700F07F97 /* CapHoltSoundBoard */ = {
			isa = PBXNativeTarget;
			buildConfigurationList = 703C02EF224F513800F07F97 /* Build configuration list for PBXNativeTarget "CapHoltSoundBoard" */;
			buildPhases = (
				703C02C0224F513700F07F97 /* Sources */,
				703C02C1224F513700F07F97 /* Frameworks */,
				703C02C2224F513700F07F97 /* Resources */,
			);
			buildRules = (
			);
			dependencies = (
			);
			name = CapHoltSoundBoard;
			productName = CapHoltSoundBoard;
			productReference = 703C02C4224F513700F07F97 /* CapHoltSoundBoard.app */;
			productType = "com.apple.product-type.application";
		};
		703C02DA224F513800F07F97 /* CapHoltSoundBoardTests */ = {
			isa = PBXNativeTarget;
			buildConfigurationList = 703C02F2224F513800F07F97 /* Build configuration list for PBXNativeTarget "CapHoltSoundBoardTests" */;
			buildPhases = (
				703C02D7224F513800F07F97 /* Sources */,
				703C02D8224F513800F07F97 /* Frameworks */,
				703C02D9224F513800F07F97 /* Resources */,
			);
			buildRules = (
			);
			dependencies = (
				703C02DD224F513800F07F97 /* PBXTargetDependency */,
			);
			name = CapHoltSoundBoardTests;
			productName = CapHoltSoundBoardTests;
			productReference = 703C02DB224F513800F07F97 /* CapHoltSoundBoardTests.xctest */;
			productType = "com.apple.product-type.bundle.unit-test";
		};
		703C02E5224F513800F07F97 /* CapHoltSoundBoardUITests */ = {
			isa = PBXNativeTarget;
			buildConfigurationList = 703C02F5224F513800F07F97 /* Build configuration list for PBXNativeTarget "CapHoltSoundBoardUITests" */;
			buildPhases = (
				703C02E2224F513800F07F97 /* Sources */,
				703C02E3224F513800F07F97 /* Frameworks */,
				703C02E4224F513800F07F97 /* Resources */,
			);
			buildRules = (
			);
			dependencies = (
				703C02E8224F513800F07F97 /* PBXTargetDependency */,
			);
			name = CapHoltSoundBoardUITests;
			productName = CapHoltSoundBoardUITests;
			productReference = 703C02E6224F513800F07F97 /* CapHoltSoundBoardUITests.xctest */;
			productType = "com.apple.product-type.bundle.ui-testing";
		};
/* End PBXNativeTarget section */

/* Begin PBXProject section */
		703C02BC224F513700F07F97 /* Project object */ = {
			isa = PBXProject;
			attributes = {
				LastSwiftUpdateCheck = 1010;
				LastUpgradeCheck = 1010;
				ORGANIZATIONNAME = amog787;
				TargetAttributes = {
					703C02C3224F513700F07F97 = {
						CreatedOnToolsVersion = 10.1;
					};
					703C02DA224F513800F07F97 = {
						CreatedOnToolsVersion = 10.1;
						TestTargetID = 703C02C3224F513700F07F97;
					};
					703C02E5224F513800F07F97 = {
						CreatedOnToolsVersion = 10.1;
						TestTargetID = 703C02C3224F513700F07F97;
					};
				};
			};
			buildConfigurationList = 703C02BF224F513700F07F97 /* Build configuration list for PBXProject "CapHoltSoundBoard" */;
			compatibilityVersion = "Xcode 9.3";
			developmentRegion = en;
			hasScannedForEncodings = 0;
			knownRegions = (
				en,
				Base,
			);
			mainGroup = 703C02BB224F513700F07F97;
			productRefGroup = 703C02C5224F513700F07F97 /* Products */;
			projectDirPath = "";
			projectRoot = "";
			targets = (
				703C02C3224F513700F07F97 /* CapHoltSoundBoard */,
				703C02DA224F513800F07F97 /* CapHoltSoundBoardTests */,
				703C02E5224F513800F07F97 /* CapHoltSoundBoardUITests */,
			);
		};
/* End PBXProject section */

/* Begin PBXResourcesBuildPhase section */
		703C02C2224F513700F07F97 /* Resources */ = {
			isa = PBXResourcesBuildPhase;
			buildActionMask = 2147483647;
			files = (
				703C02D5224F513800F07F97 /* LaunchScreen.storyboard in Resources */,
				703C02D2224F513800F07F97 /* Assets.xcassets in Resources */,
				703C02CD224F513700F07F97 /* Main.storyboard in Resources */,
			);
			runOnlyForDeploymentPostprocessing = 0;
		};
		703C02D9224F513800F07F97 /* Resources */ = {
			isa = PBXResourcesBuildPhase;
			buildActionMask = 2147483647;
			files = (
			);
			runOnlyForDeploymentPostprocessing = 0;
		};
		703C02E4224F513800F07F97 /* Resources */ = {
			isa = PBXResourcesBuildPhase;
			buildActionMask = 2147483647;
			files = (
			);
			runOnlyForDeploymentPostprocessing = 0;
		};
/* End PBXResourcesBuildPhase section */

/* Begin PBXSourcesBuildPhase section */
		703C02C0224F513700F07F97 /* Sources */ = {
			isa = PBXSourcesBuildPhase;
			buildActionMask = 2147483647;
			files = (
				703C02D0224F513700F07F97 /* CapHoltSoundBoard.xcdatamodeld in Sources */,
				703C02CA224F513700F07F97 /* ViewController.swift in Sources */,
				703C02C8224F513700F07F97 /* AppDelegate.swift in Sources */,
			);
			runOnlyForDeploymentPostprocessing = 0;
		};
		703C02D7224F513800F07F97 /* Sources */ = {
			isa = PBXSourcesBuildPhase;
			buildActionMask = 2147483647;
			files = (
				703C02E0224F513800F07F97 /* CapHoltSoundBoardTests.swift in Sources */,
			);
			runOnlyForDeploymentPostprocessing = 0;
		};
		703C02E2224F513800F07F97 /* Sources */ = {
			isa = PBXSourcesBuildPhase;
			buildActionMask = 2147483647;
			files = (
				703C02EB224F513800F07F97 /* CapHoltSoundBoardUITests.swift in Sources */,
			);
			runOnlyForDeploymentPostprocessing = 0;
		};
/* End PBXSourcesBuildPhase section */

/* Begin PBXTargetDependency section */
		703C02DD224F513800F07F97 /* PBXTargetDependency */ = {
			isa = PBXTargetDependency;
			target = 703C02C3224F513700F07F97 /* CapHoltSoundBoard */;
			targetProxy = 703C02DC224F513800F07F97 /* PBXContainerItemProxy */;
		};
		703C02E8224F513800F07F97 /* PBXTargetDependency */ = {
			isa = PBXTargetDependency;
			target = 703C02C3224F513700F07F97 /* CapHoltSoundBoard */;
			targetProxy = 703C02E7224F513800F07F97 /* PBXContainerItemProxy */;
		};
/* End PBXTargetDependency section */

/* Begin PBXVariantGroup section */
		703C02CB224F513700F07F97 /* Main.storyboard */ = {
			isa = PBXVariantGroup;
			children = (
				703C02CC224F513700F07F97 /* Base */,
			);
			name = Main.storyboard;
			sourceTree = "<group>";
		};
		703C02D3224F513800F07F97 /* LaunchScreen.storyboard */ = {
			isa = PBXVariantGroup;
			children = (
				703C02D4224F513800F07F97 /* Base */,
			);
			name = LaunchScreen.storyboard;
			sourceTree = "<group>";
		};
/* End PBXVariantGroup section */

/* Begin XCBuildConfiguration section */
		703C02ED224F513800F07F97 /* Debug */ = {
			isa = XCBuildConfiguration;
			buildSettings = {
				ALWAYS_SEARCH_USER_PATHS = NO;
				CLANG_ANALYZER_NONNULL = YES;
				CLANG_ANALYZER_NUMBER_OBJECT_CONVERSION = YES_AGGRESSIVE;
				CLANG_CXX_LANGUAGE_STANDARD = "gnu++14";
				CLANG_CXX_LIBRARY = "libc++";
				CLANG_ENABLE_MODULES = YES;
				CLANG_ENABLE_OBJC_ARC = YES;
				CLANG_ENABLE_OBJC_WEAK = YES;
				CLANG_WARN_BLOCK_CAPTURE_AUTORELEASING = YES;
				CLANG_WARN_BOOL_CONVERSION = YES;
				CLANG_WARN_COMMA = YES;
				CLANG_WARN_CONSTANT_CONVERSION = YES;
				CLANG_WARN_DEPRECATED_OBJC_IMPLEMENTATIONS = YES;
				CLANG_WARN_DIRECT_OBJC_ISA_USAGE = YES_ERROR;
				CLANG_WARN_DOCUMENTATION_COMMENTS = YES;
				CLANG_WARN_EMPTY_BODY = YES;
				CLANG_WARN_ENUM_CONVERSION = YES;
				CLANG_WARN_INFINITE_RECURSION = YES;
				CLANG_WARN_INT_CONVERSION = YES;
				CLANG_WARN_NON_LITERAL_NULL_CONVERSION = YES;
				CLANG_WARN_OBJC_IMPLICIT_RETAIN_SELF = YES;
				CLANG_WARN_OBJC_LITERAL_CONVERSION = YES;
				CLANG_WARN_OBJC_ROOT_CLASS = YES_ERROR;
				CLANG_WARN_RANGE_LOOP_ANALYSIS = YES;
				CLANG_WARN_STRICT_PROTOTYPES = YES;
				CLANG_WARN_SUSPICIOUS_MOVE = YES;
				CLANG_WARN_UNGUARDED_AVAILABILITY = YES_AGGRESSIVE;
				CLANG_WARN_UNREACHABLE_CODE = YES;
				CLANG_WARN__DUPLICATE_METHOD_MATCH = YES;
				CODE_SIGN_IDENTITY = "iPhone Developer";
				COPY_PHASE_STRIP = NO;
				DEBUG_INFORMATION_FORMAT = dwarf;
				ENABLE_STRICT_OBJC_MSGSEND = YES;
				ENABLE_TESTABILITY = YES;
				GCC_C_LANGUAGE_STANDARD = gnu11;
				GCC_DYNAMIC_NO_PIC = NO;
				GCC_NO_COMMON_BLOCKS = YES;
				GCC_OPTIMIZATION_LEVEL = 0;
				GCC_PREPROCESSOR_DEFINITIONS = (
					"DEBUG=1",
					"$(inherited)",
				);
				GCC_WARN_64_TO_32_BIT_CONVERSION = YES;
				GCC_WARN_ABOUT_RETURN_TYPE = YES_ERROR;
				GCC_WARN_UNDECLARED_SELECTOR = YES;
				GCC_WARN_UNINITIALIZED_AUTOS = YES_AGGRESSIVE;
				GCC_WARN_UNUSED_FUNCTION = YES;
				GCC_WARN_UNUSED_VARIABLE = YES;
				IPHONEOS_DEPLOYMENT_TARGET = 12.1;
				MTL_ENABLE_DEBUG_INFO = INCLUDE_SOURCE;
				MTL_FAST_MATH = YES;
				ONLY_ACTIVE_ARCH = YES;
				SDKROOT = iphoneos;
				SWIFT_ACTIVE_COMPILATION_CONDITIONS = DEBUG;
				SWIFT_OPTIMIZATION_LEVEL = "-Onone";
			};
			name = Debug;
		};
		703C02EE224F513800F07F97 /* Release */ = {
			isa = XCBuildConfiguration;
			buildSettings = {
				ALWAYS_SEARCH_USER_PATHS = NO;
				CLANG_ANALYZER_NONNULL = YES;
				CLANG_ANALYZER_NUMBER_OBJECT_CONVERSION = YES_AGGRESSIVE;
				CLANG_CXX_LANGUAGE_STANDARD = "gnu++14";
				CLANG_CXX_LIBRARY = "libc++";
				CLANG_ENABLE_MODULES = YES;
				CLANG_ENABLE_OBJC_ARC = YES;
				CLANG_ENABLE_OBJC_WEAK = YES;
				CLANG_WARN_BLOCK_CAPTURE_AUTORELEASING = YES;
				CLANG_WARN_BOOL_CONVERSION = YES;
				CLANG_WARN_COMMA = YES;
				CLANG_WARN_CONSTANT_CONVERSION = YES;
				CLANG_WARN_DEPRECATED_OBJC_IMPLEMENTATIONS = YES;
				CLANG_WARN_DIRECT_OBJC_ISA_USAGE = YES_ERROR;
				CLANG_WARN_DOCUMENTATION_COMMENTS = YES;
				CLANG_WARN_EMPTY_BODY = YES;
				CLANG_WARN_ENUM_CONVERSION = YES;
				CLANG_WARN_INFINITE_RECURSION = YES;
				CLANG_WARN_INT_CONVERSION = YES;
				CLANG_WARN_NON_LITERAL_NULL_CONVERSION = YES;
				CLANG_WARN_OBJC_IMPLICIT_RETAIN_SELF = YES;
				CLANG_WARN_OBJC_LITERAL_CONVERSION = YES;
				CLANG_WARN_OBJC_ROOT_CLASS = YES_ERROR;
				CLANG_WARN_RANGE_LOOP_ANALYSIS = YES;
				CLANG_WARN_STRICT_PROTOTYPES = YES;
				CLANG_WARN_SUSPICIOUS_MOVE = YES;
				CLANG_WARN_UNGUARDED_AVAILABILITY = YES_AGGRESSIVE;
				CLANG_WARN_UNREACHABLE_CODE = YES;
				CLANG_WARN__DUPLICATE_METHOD_MATCH = YES;
				CODE_SIGN_IDENTITY = "iPhone Developer";
				COPY_PHASE_STRIP = NO;
				DEBUG_INFORMATION_FORMAT = "dwarf-with-dsym";
				ENABLE_NS_ASSERTIONS = NO;
				ENABLE_STRICT_OBJC_MSGSEND = YES;
				GCC_C_LANGUAGE_STANDARD = gnu11;
				GCC_NO_COMMON_BLOCKS = YES;
				GCC_WARN_64_TO_32_BIT_CONVERSION = YES;
				GCC_WARN_ABOUT_RETURN_TYPE = YES_ERROR;
				GCC_WARN_UNDECLARED_SELECTOR = YES;
				GCC_WARN_UNINITIALIZED_AUTOS = YES_AGGRESSIVE;
				GCC_WARN_UNUSED_FUNCTION = YES;
				GCC_WARN_UNUSED_VARIABLE = YES;
				IPHONEOS_DEPLOYMENT_TARGET = 12.1;
				MTL_ENABLE_DEBUG_INFO = NO;
				MTL_FAST_MATH = YES;
				SDKROOT = iphoneos;
				SWIFT_COMPILATION_MODE = wholemodule;
				SWIFT_OPTIMIZATION_LEVEL = "-O";
				VALIDATE_PRODUCT = YES;
			};
			name = Release;
		};
		703C02F0224F513800F07F97 /* Debug */ = {
			isa = XCBuildConfiguration;
			buildSettings = {
				ASSETCATALOG_COMPILER_APPICON_NAME = AppIcon;
				CODE_SIGN_STYLE = Automatic;
				INFOPLIST_FILE = CapHoltSoundBoard/Info.plist;
				LD_RUNPATH_SEARCH_PATHS = (
					"$(inherited)",
					"@executable_path/Frameworks",
				);
				PRODUCT_BUNDLE_IDENTIFIER = amog787.CapHoltSoundBoard;
				PRODUCT_NAME = "$(TARGET_NAME)";
				SWIFT_VERSION = 4.2;
				TARGETED_DEVICE_FAMILY = "1,2";
			};
			name = Debug;
		};
		703C02F1224F513800F07F97 /* Release */ = {
			isa = XCBuildConfiguration;
			buildSettings = {
				ASSETCATALOG_COMPILER_APPICON_NAME = AppIcon;
				CODE_SIGN_STYLE = Automatic;
				INFOPLIST_FILE = CapHoltSoundBoard/Info.plist;
				LD_RUNPATH_SEARCH_PATHS = (
					"$(inherited)",
					"@executable_path/Frameworks",
				);
				PRODUCT_BUNDLE_IDENTIFIER = amog787.CapHoltSoundBoard;
				PRODUCT_NAME = "$(TARGET_NAME)";
				SWIFT_VERSION = 4.2;
				TARGETED_DEVICE_FAMILY = "1,2";
			};
			name = Release;
		};
		703C02F3224F513800F07F97 /* Debug */ = {
			isa = XCBuildConfiguration;
			buildSettings = {
				ALWAYS_EMBED_SWIFT_STANDARD_LIBRARIES = YES;
				BUNDLE_LOADER = "$(TEST_HOST)";
				CODE_SIGN_STYLE = Automatic;
				INFOPLIST_FILE = CapHoltSoundBoardTests/Info.plist;
				LD_RUNPATH_SEARCH_PATHS = (
					"$(inherited)",
					"@executable_path/Frameworks",
					"@loader_path/Frameworks",
				);
				PRODUCT_BUNDLE_IDENTIFIER = amog787.CapHoltSoundBoardTests;
				PRODUCT_NAME = "$(TARGET_NAME)";
				SWIFT_VERSION = 4.2;
				TARGETED_DEVICE_FAMILY = "1,2";
				TEST_HOST = "$(BUILT_PRODUCTS_DIR)/CapHoltSoundBoard.app/CapHoltSoundBoard";
			};
			name = Debug;
		};
		703C02F4224F513800F07F97 /* Release */ = {
			isa = XCBuildConfiguration;
			buildSettings = {
				ALWAYS_EMBED_SWIFT_STANDARD_LIBRARIES = YES;
				BUNDLE_LOADER = "$(TEST_HOST)";
				CODE_SIGN_STYLE = Automatic;
				INFOPLIST_FILE = CapHoltSoundBoardTests/Info.plist;
				LD_RUNPATH_SEARCH_PATHS = (
					"$(inherited)",
					"@executable_path/Frameworks",
					"@loader_path/Frameworks",
				);
				PRODUCT_BUNDLE_IDENTIFIER = amog787.CapHoltSoundBoardTests;
				PRODUCT_NAME = "$(TARGET_NAME)";
				SWIFT_VERSION = 4.2;
				TARGETED_DEVICE_FAMILY = "1,2";
				TEST_HOST = "$(BUILT_PRODUCTS_DIR)/CapHoltSoundBoard.app/CapHoltSoundBoard";
			};
			name = Release;
		};
		703C02F6224F513800F07F97 /* Debug */ = {
			isa = XCBuildConfiguration;
			buildSettings = {
				ALWAYS_EMBED_SWIFT_STANDARD_LIBRARIES = YES;
				CODE_SIGN_STYLE = Automatic;
				INFOPLIST_FILE = CapHoltSoundBoardUITests/Info.plist;
				LD_RUNPATH_SEARCH_PATHS = (
					"$(inherited)",
					"@executable_path/Frameworks",
					"@loader_path/Frameworks",
				);
				PRODUCT_BUNDLE_IDENTIFIER = amog787.CapHoltSoundBoardUITests;
				PRODUCT_NAME = "$(TARGET_NAME)";
				SWIFT_VERSION = 4.2;
				TARGETED_DEVICE_FAMILY = "1,2";
				TEST_TARGET_NAME = CapHoltSoundBoard;
			};
			name = Debug;
		};
		703C02F7224F513800F07F97 /* Release */ = {
			isa = XCBuildConfiguration;
			buildSettings = {
				ALWAYS_EMBED_SWIFT_STANDARD_LIBRARIES = YES;
				CODE_SIGN_STYLE = Automatic;
				INFOPLIST_FILE = CapHoltSoundBoardUITests/Info.plist;
				LD_RUNPATH_SEARCH_PATHS = (
					"$(inherited)",
					"@executable_path/Frameworks",
					"@loader_path/Frameworks",
				);
				PRODUCT_BUNDLE_IDENTIFIER = amog787.CapHoltSoundBoardUITests;
				PRODUCT_NAME = "$(TARGET_NAME)";
				SWIFT_VERSION = 4.2;
				TARGETED_DEVICE_FAMILY = "1,2";
				TEST_TARGET_NAME = CapHoltSoundBoard;
			};
			name = Release;
		};
/* End XCBuildConfiguration section */

/* Begin XCConfigurationList section */
		703C02BF224F513700F07F97 /* Build configuration list for PBXProject "CapHoltSoundBoard" */ = {
			isa = XCConfigurationList;
			buildConfigurations = (
				703C02ED224F513800F07F97 /* Debug */,
				703C02EE224F513800F07F97 /* Release */,
			);
			defaultConfigurationIsVisible = 0;
			defaultConfigurationName = Release;
		};
		703C02EF224F513800F07F97 /* Build configuration list for PBXNativeTarget "CapHoltSoundBoard" */ = {
			isa = XCConfigurationList;
			buildConfigurations = (
				703C02F0224F513800F07F97 /* Debug */,
				703C02F1224F513800F07F97 /* Release */,
			);
			defaultConfigurationIsVisible = 0;
			defaultConfigurationName = Release;
		};
		703C02F2224F513800F07F97 /* Build configuration list for PBXNativeTarget "CapHoltSoundBoardTests" */ = {
			isa = XCConfigurationList;
			buildConfigurations = (
				703C02F3224F513800F07F97 /* Debug */,
				703C02F4224F513800F07F97 /* Release */,
			);
			defaultConfigurationIsVisible = 0;
			defaultConfigurationName = Release;
		};
		703C02F5224F513800F07F97 /* Build configuration list for PBXNativeTarget "CapHoltSoundBoardUITests" */ = {
			isa = XCConfigurationList;
			buildConfigurations = (
				703C02F6224F513800F07F97 /* Debug */,
				703C02F7224F513800F07F97 /* Release */,
			);
			defaultConfigurationIsVisible = 0;
			defaultConfigurationName = Release;
		};
/* End XCConfigurationList section */

/* Begin XCVersionGroup section */
		703C02CE224F513700F07F97 /* CapHoltSoundBoard.xcdatamodeld */ = {
			isa = XCVersionGroup;
			children = (
				703C02CF224F513700F07F97 /* CapHoltSoundBoard.xcdatamodel */,
			);
			currentVersion = 703C02CF224F513700F07F97 /* CapHoltSoundBoard.xcdatamodel */;
			path = CapHoltSoundBoard.xcdatamodeld;
			sourceTree = "<group>";
			versionGroupType = wrapper.xcdatamodel;
		};
/* End XCVersionGroup section */
	};
	rootObject = 703C02BC224F513700F07F97 /* Project object */;
}
